// !$*UTF8*$!
{
	archiveVersion = 1;
	classes = {
	};
	objectVersion = 50;
	objects = {

/* Begin PBXBuildFile section */
		1504CE712110FD3800E1CF53 /* HistoryTableViewController.swift in Sources */ = {isa = PBXBuildFile; fileRef = 1504CE702110FD3800E1CF53 /* HistoryTableViewController.swift */; };
		1504CE742110FF3600E1CF53 /* DrinkHistoryTableViewCell.swift in Sources */ = {isa = PBXBuildFile; fileRef = 1504CE732110FF3600E1CF53 /* DrinkHistoryTableViewCell.swift */; };
		1506B4F3210A824D00CBDD14 /* XIBView.swift in Sources */ = {isa = PBXBuildFile; fileRef = 1506B4F2210A824D00CBDD14 /* XIBView.swift */; };
		150853EB2120AE510085BA11 /* DiskManager.swift in Sources */ = {isa = PBXBuildFile; fileRef = 150853EA2120AE510085BA11 /* DiskManager.swift */; };
		150853ED2120B73E0085BA11 /* DrinkManager.swift in Sources */ = {isa = PBXBuildFile; fileRef = 150853EC2120B73E0085BA11 /* DrinkManager.swift */; };
		150853EF2120B9EF0085BA11 /* DrinkerInformationManager.swift in Sources */ = {isa = PBXBuildFile; fileRef = 150853EE2120B9EF0085BA11 /* DrinkerInformationManager.swift */; };
		150853F32120BED10085BA11 /* UserDefaultsManager.swift in Sources */ = {isa = PBXBuildFile; fileRef = 150853F22120BED10085BA11 /* UserDefaultsManager.swift */; };
		152AB6C52107DA95001918EF /* AppDelegate.swift in Sources */ = {isa = PBXBuildFile; fileRef = 152AB6C42107DA95001918EF /* AppDelegate.swift */; };
		152AB6CA2107DA95001918EF /* Main.storyboard in Resources */ = {isa = PBXBuildFile; fileRef = 152AB6C82107DA95001918EF /* Main.storyboard */; };
		152AB6CD2107DA95001918EF /* BACalculator.xcdatamodeld in Sources */ = {isa = PBXBuildFile; fileRef = 152AB6CB2107DA95001918EF /* BACalculator.xcdatamodeld */; };
		152AB6CF2107DA96001918EF /* Assets.xcassets in Resources */ = {isa = PBXBuildFile; fileRef = 152AB6CE2107DA96001918EF /* Assets.xcassets */; };
		152AB6D22107DA96001918EF /* LaunchScreen.storyboard in Resources */ = {isa = PBXBuildFile; fileRef = 152AB6D02107DA96001918EF /* LaunchScreen.storyboard */; };
		152AB6DD2107DA96001918EF /* BACalculatorTests.swift in Sources */ = {isa = PBXBuildFile; fileRef = 152AB6DC2107DA96001918EF /* BACalculatorTests.swift */; };
		152AB6E82107DA96001918EF /* BACalculatorUITests.swift in Sources */ = {isa = PBXBuildFile; fileRef = 152AB6E72107DA96001918EF /* BACalculatorUITests.swift */; };
		152AB7042107DBDD001918EF /* DrinkKit.framework in Frameworks */ = {isa = PBXBuildFile; fileRef = 152AB6FB2107DBDD001918EF /* DrinkKit.framework */; };
		152AB70D2107DBDD001918EF /* DrinkKit.h in Headers */ = {isa = PBXBuildFile; fileRef = 152AB6FD2107DBDD001918EF /* DrinkKit.h */; settings = {ATTRIBUTES = (Public, ); }; };
		152AB7102107DBDD001918EF /* DrinkKit.framework in Frameworks */ = {isa = PBXBuildFile; fileRef = 152AB6FB2107DBDD001918EF /* DrinkKit.framework */; };
		152AB7112107DBDD001918EF /* DrinkKit.framework in Embed Frameworks */ = {isa = PBXBuildFile; fileRef = 152AB6FB2107DBDD001918EF /* DrinkKit.framework */; settings = {ATTRIBUTES = (CodeSignOnCopy, RemoveHeadersOnCopy, ); }; };
		152AB71A2107DC92001918EF /* DrinkerInformation.swift in Sources */ = {isa = PBXBuildFile; fileRef = 152AB7192107DC92001918EF /* DrinkerInformation.swift */; };
		152AB71C2107E03F001918EF /* Drink.swift in Sources */ = {isa = PBXBuildFile; fileRef = 152AB71B2107E03F001918EF /* Drink.swift */; };
		152AB71E2107E091001918EF /* DrinkSize.swift in Sources */ = {isa = PBXBuildFile; fileRef = 152AB71D2107E091001918EF /* DrinkSize.swift */; };
		15422119211125CF001515BF /* SettingsMasterTableViewController.swift in Sources */ = {isa = PBXBuildFile; fileRef = 15422118211125CF001515BF /* SettingsMasterTableViewController.swift */; };
		1542211B211125D6001515BF /* SettingsDetailTableViewController.swift in Sources */ = {isa = PBXBuildFile; fileRef = 1542211A211125D6001515BF /* SettingsDetailTableViewController.swift */; };
		1542211E2111260D001515BF /* SettingsDetailTableViewDataSource.swift in Sources */ = {isa = PBXBuildFile; fileRef = 1542211D2111260D001515BF /* SettingsDetailTableViewDataSource.swift */; };
		1542212021112630001515BF /* SettingsDetailTableViewDelegate.swift in Sources */ = {isa = PBXBuildFile; fileRef = 1542211F21112630001515BF /* SettingsDetailTableViewDelegate.swift */; };
		1542212221112654001515BF /* SexDetailTableViewDataSource.swift in Sources */ = {isa = PBXBuildFile; fileRef = 1542212121112654001515BF /* SexDetailTableViewDataSource.swift */; };
		1542212421112674001515BF /* SexDetailTableViewDelegate.swift in Sources */ = {isa = PBXBuildFile; fileRef = 1542212321112674001515BF /* SexDetailTableViewDelegate.swift */; };
		1542212A211126CC001515BF /* SettingsPickerViewDataSource.swift in Sources */ = {isa = PBXBuildFile; fileRef = 15422129211126CC001515BF /* SettingsPickerViewDataSource.swift */; };
		1542212C211126E2001515BF /* SettingsPickerViewDelegate.swift in Sources */ = {isa = PBXBuildFile; fileRef = 1542212B211126E2001515BF /* SettingsPickerViewDelegate.swift */; };
		1542212E211126F9001515BF /* WeightPickerViewDataSource.swift in Sources */ = {isa = PBXBuildFile; fileRef = 1542212D211126F9001515BF /* WeightPickerViewDataSource.swift */; };
		154221302111270D001515BF /* WeightPickerViewDelegate.swift in Sources */ = {isa = PBXBuildFile; fileRef = 1542212F2111270D001515BF /* WeightPickerViewDelegate.swift */; };
		154310A2210F9CEB008A4CF5 /* DrinkAttributeAgent.swift in Sources */ = {isa = PBXBuildFile; fileRef = 154310A1210F9CEB008A4CF5 /* DrinkAttributeAgent.swift */; };
		154310A4210FB024008A4CF5 /* AttributeDetailPickerTableViewCell.swift in Sources */ = {isa = PBXBuildFile; fileRef = 154310A3210FB024008A4CF5 /* AttributeDetailPickerTableViewCell.swift */; };
		154310A6210FE2EF008A4CF5 /* CustomSizePickerViewDataSource.swift in Sources */ = {isa = PBXBuildFile; fileRef = 154310A5210FE2EF008A4CF5 /* CustomSizePickerViewDataSource.swift */; };
		154310A8210FE2F9008A4CF5 /* CustomSizePickerViewDelegate.swift in Sources */ = {isa = PBXBuildFile; fileRef = 154310A7210FE2F9008A4CF5 /* CustomSizePickerViewDelegate.swift */; };
		154310AC210FE514008A4CF5 /* AlcoholRatioPickerViewDataSource.swift in Sources */ = {isa = PBXBuildFile; fileRef = 154310AB210FE514008A4CF5 /* AlcoholRatioPickerViewDataSource.swift */; };
		154310AE210FE633008A4CF5 /* AlcoholRatioPickerViewDelegate.swift in Sources */ = {isa = PBXBuildFile; fileRef = 154310AD210FE633008A4CF5 /* AlcoholRatioPickerViewDelegate.swift */; };
		154310B2210FEFCA008A4CF5 /* VolumePickerViewDataSource.swift in Sources */ = {isa = PBXBuildFile; fileRef = 154310B1210FEFCA008A4CF5 /* VolumePickerViewDataSource.swift */; };
		154310B4210FF07D008A4CF5 /* VolumePickerViewDelegate.swift in Sources */ = {isa = PBXBuildFile; fileRef = 154310B3210FF07D008A4CF5 /* VolumePickerViewDelegate.swift */; };
		154310B9211000A7008A4CF5 /* AttributeDelegate.swift in Sources */ = {isa = PBXBuildFile; fileRef = 154310B8211000A7008A4CF5 /* AttributeDelegate.swift */; };
		154310BB21101983008A4CF5 /* TypeAttributeOptionCollectionViewDelegate.swift in Sources */ = {isa = PBXBuildFile; fileRef = 154310BA21101983008A4CF5 /* TypeAttributeOptionCollectionViewDelegate.swift */; };
		154310BD211019A0008A4CF5 /* SizeAttributeOptionCollectionViewDelegate.swift in Sources */ = {isa = PBXBuildFile; fileRef = 154310BC211019A0008A4CF5 /* SizeAttributeOptionCollectionViewDelegate.swift */; };
		1548BFC8211413FF008E8C60 /* SettingsTableViewCell.swift in Sources */ = {isa = PBXBuildFile; fileRef = 1548BFC7211413FF008E8C60 /* SettingsTableViewCell.swift */; };
		155CA6D7210E69EF009F9BAB /* AttributeTableViewCell.swift in Sources */ = {isa = PBXBuildFile; fileRef = 155CA6D6210E69EF009F9BAB /* AttributeTableViewCell.swift */; };
		155CA6DB210E85A0009F9BAB /* AttributeOptionCollectionViewDataSource.swift in Sources */ = {isa = PBXBuildFile; fileRef = 155CA6DA210E85A0009F9BAB /* AttributeOptionCollectionViewDataSource.swift */; };
		155CA6DD210E8CB6009F9BAB /* AttributeOptionCollectionViewDelegate.swift in Sources */ = {isa = PBXBuildFile; fileRef = 155CA6DC210E8CB6009F9BAB /* AttributeOptionCollectionViewDelegate.swift */; };
		1568BFB7210CEF9A0077C6E7 /* AttributeHeaderTableViewCell.swift in Sources */ = {isa = PBXBuildFile; fileRef = 1568BFB6210CEF9A0077C6E7 /* AttributeHeaderTableViewCell.swift */; };
		1568BFB9210CEFA70077C6E7 /* AttributeHeaderActionTableViewCell.swift in Sources */ = {isa = PBXBuildFile; fileRef = 1568BFB8210CEFA70077C6E7 /* AttributeHeaderActionTableViewCell.swift */; };
		1568BFBB210CEFB50077C6E7 /* AttributeCollectionTableViewCell.swift in Sources */ = {isa = PBXBuildFile; fileRef = 1568BFBA210CEFB50077C6E7 /* AttributeCollectionTableViewCell.swift */; };
		15905F23210E380C00FED891 /* AttributeDetailTableViewCell.swift in Sources */ = {isa = PBXBuildFile; fileRef = 15905F22210E380C00FED891 /* AttributeDetailTableViewCell.swift */; };
		1591E81A21095B5600F56581 /* HourControlButton.swift in Sources */ = {isa = PBXBuildFile; fileRef = 1591E81921095B5600F56581 /* HourControlButton.swift */; };
		15A7C4F82109668900F260FB /* ThemeAgent.swift in Sources */ = {isa = PBXBuildFile; fileRef = 15A7C4F72109668900F260FB /* ThemeAgent.swift */; };
		15A7C54A2109824B00F260FB /* ThemeNavigationViewController.swift in Sources */ = {isa = PBXBuildFile; fileRef = 15A7C5492109824B00F260FB /* ThemeNavigationViewController.swift */; };
		15B2A66D210A8BE4002C33AE /* AttributeCardView.swift in Sources */ = {isa = PBXBuildFile; fileRef = 15B2A66C210A8BE4002C33AE /* AttributeCardView.swift */; };
		15B2A66F210A8E54002C33AE /* GlyphAttributeCardView.swift in Sources */ = {isa = PBXBuildFile; fileRef = 15B2A66E210A8E54002C33AE /* GlyphAttributeCardView.swift */; };
		15B2A671210A8EC0002C33AE /* HeaderAttributeCardView.swift in Sources */ = {isa = PBXBuildFile; fileRef = 15B2A670210A8EC0002C33AE /* HeaderAttributeCardView.swift */; };
		15B2A673210A9062002C33AE /* TypeAttributeCardView.swift in Sources */ = {isa = PBXBuildFile; fileRef = 15B2A672210A9062002C33AE /* TypeAttributeCardView.swift */; };
		15B2A675210A90C5002C33AE /* SizeAttributeCardView.swift in Sources */ = {isa = PBXBuildFile; fileRef = 15B2A674210A90C5002C33AE /* SizeAttributeCardView.swift */; };
		15B2A677210A90F4002C33AE /* SizeAttributeCardView.xib in Resources */ = {isa = PBXBuildFile; fileRef = 15B2A676210A90F4002C33AE /* SizeAttributeCardView.xib */; };
		15B2A679210A90FF002C33AE /* TypeAttributeCardView.xib in Resources */ = {isa = PBXBuildFile; fileRef = 15B2A678210A90FF002C33AE /* TypeAttributeCardView.xib */; };
		15B2A67E210AAD7E002C33AE /* AttributeOptionCollectionViewCell.swift in Sources */ = {isa = PBXBuildFile; fileRef = 15B2A67D210AAD7E002C33AE /* AttributeOptionCollectionViewCell.swift */; };
		15B57642210AB272007F48D1 /* AddDrinkTableViewController.swift in Sources */ = {isa = PBXBuildFile; fileRef = 15B57641210AB272007F48D1 /* AddDrinkTableViewController.swift */; };
		15B57648210ABEB0007F48D1 /* TypeAttributeOptionCollectionViewDataSource.swift in Sources */ = {isa = PBXBuildFile; fileRef = 15B57647210ABEB0007F48D1 /* TypeAttributeOptionCollectionViewDataSource.swift */; };
		15B5764C210ACCB7007F48D1 /* SizeAttributeOptionCollectionViewDataSource.swift in Sources */ = {isa = PBXBuildFile; fileRef = 15B5764B210ACCB7007F48D1 /* SizeAttributeOptionCollectionViewDataSource.swift */; };
		15D29E4C2117DA7D009D0B93 /* SettingsNavigationViewController.swift in Sources */ = {isa = PBXBuildFile; fileRef = 15D29E4B2117DA7D009D0B93 /* SettingsNavigationViewController.swift */; };
		15D29E4E2117F7E5009D0B93 /* ThemeColor.swift in Sources */ = {isa = PBXBuildFile; fileRef = 15D29E4D2117F7E5009D0B93 /* ThemeColor.swift */; };
		15D551E02107EDAB000F0889 /* DrinkType.swift in Sources */ = {isa = PBXBuildFile; fileRef = 15D551DF2107EDAB000F0889 /* DrinkType.swift */; };
		15D551E22107EDC5000F0889 /* StandardDrinkSize.swift in Sources */ = {isa = PBXBuildFile; fileRef = 15D551E12107EDC5000F0889 /* StandardDrinkSize.swift */; };
		15D551E42107EDCD000F0889 /* CustomDrinkSize.swift in Sources */ = {isa = PBXBuildFile; fileRef = 15D551E32107EDCD000F0889 /* CustomDrinkSize.swift */; };
		15D551E62107EDE7000F0889 /* DrinkerSex.swift in Sources */ = {isa = PBXBuildFile; fileRef = 15D551E52107EDE7000F0889 /* DrinkerSex.swift */; };
		15D551E82107EDF3000F0889 /* DrinkerAlcoholMetabolism.swift in Sources */ = {isa = PBXBuildFile; fileRef = 15D551E72107EDF3000F0889 /* DrinkerAlcoholMetabolism.swift */; };
		15D551EA2107EE47000F0889 /* BloodAlcoholContent.swift in Sources */ = {isa = PBXBuildFile; fileRef = 15D551E92107EE47000F0889 /* BloodAlcoholContent.swift */; };
		15D551EC2107FFC6000F0889 /* AlcoholCalculator.swift in Sources */ = {isa = PBXBuildFile; fileRef = 15D551EB2107FFC6000F0889 /* AlcoholCalculator.swift */; };
		15D551EE21080935000F0889 /* DrinkerInformationTests.swift in Sources */ = {isa = PBXBuildFile; fileRef = 15D551ED21080935000F0889 /* DrinkerInformationTests.swift */; };
		15D551F021080C5A000F0889 /* DrinkTests.swift in Sources */ = {isa = PBXBuildFile; fileRef = 15D551EF21080C5A000F0889 /* DrinkTests.swift */; };
		15D551F221081100000F0889 /* StandardDrinkSizeTests.swift in Sources */ = {isa = PBXBuildFile; fileRef = 15D551F121081100000F0889 /* StandardDrinkSizeTests.swift */; };
		15D551F4210811DB000F0889 /* CustomDrinkSizeTests.swift in Sources */ = {isa = PBXBuildFile; fileRef = 15D551F3210811DB000F0889 /* CustomDrinkSizeTests.swift */; };
		15D551F6210816B4000F0889 /* AlcoholCalculatorTests.swift in Sources */ = {isa = PBXBuildFile; fileRef = 15D551F5210816B4000F0889 /* AlcoholCalculatorTests.swift */; };
		15D5520121082BD9000F0889 /* HomeViewController.swift in Sources */ = {isa = PBXBuildFile; fileRef = 15D5520021082BD9000F0889 /* HomeViewController.swift */; };
		15E8F7EE2116445000810DD3 /* SettingsPickerDetailTableViewController.swift in Sources */ = {isa = PBXBuildFile; fileRef = 15E8F7ED2116445000810DD3 /* SettingsPickerDetailTableViewController.swift */; };
		15E8F7F02116481200810DD3 /* SettingsPickerTableViewCell.swift in Sources */ = {isa = PBXBuildFile; fileRef = 15E8F7EF2116481200810DD3 /* SettingsPickerTableViewCell.swift */; };
		15E8F7F721164FC200810DD3 /* SettingsDelegate.swift in Sources */ = {isa = PBXBuildFile; fileRef = 15E8F7F621164FC200810DD3 /* SettingsDelegate.swift */; };
		15E8F7F921164FD300810DD3 /* SettingsDetailDelegate.swift in Sources */ = {isa = PBXBuildFile; fileRef = 15E8F7F821164FD300810DD3 /* SettingsDetailDelegate.swift */; };
		15F3EC9D2121251A001CE84C /* SafeModeManager.swift in Sources */ = {isa = PBXBuildFile; fileRef = 15F3EC9C2121251A001CE84C /* SafeModeManager.swift */; };
		15F3EC9F212125E9001CE84C /* Manager.swift in Sources */ = {isa = PBXBuildFile; fileRef = 15F3EC9E212125E9001CE84C /* Manager.swift */; };
		15F3ECA12121354D001CE84C /* CalculationDelegate.swift in Sources */ = {isa = PBXBuildFile; fileRef = 15F3ECA02121354D001CE84C /* CalculationDelegate.swift */; };
/* End PBXBuildFile section */

/* Begin PBXContainerItemProxy section */
		152AB6D92107DA96001918EF /* PBXContainerItemProxy */ = {
			isa = PBXContainerItemProxy;
			containerPortal = 152AB6B92107DA95001918EF /* Project object */;
			proxyType = 1;
			remoteGlobalIDString = 152AB6C02107DA95001918EF;
			remoteInfo = BACalculator;
		};
		152AB6E42107DA96001918EF /* PBXContainerItemProxy */ = {
			isa = PBXContainerItemProxy;
			containerPortal = 152AB6B92107DA95001918EF /* Project object */;
			proxyType = 1;
			remoteGlobalIDString = 152AB6C02107DA95001918EF;
			remoteInfo = BACalculator;
		};
		152AB7052107DBDD001918EF /* PBXContainerItemProxy */ = {
			isa = PBXContainerItemProxy;
			containerPortal = 152AB6B92107DA95001918EF /* Project object */;
			proxyType = 1;
			remoteGlobalIDString = 152AB6FA2107DBDD001918EF;
			remoteInfo = DrinkKit;
		};
		152AB7072107DBDD001918EF /* PBXContainerItemProxy */ = {
			isa = PBXContainerItemProxy;
			containerPortal = 152AB6B92107DA95001918EF /* Project object */;
			proxyType = 1;
			remoteGlobalIDString = 152AB6C02107DA95001918EF;
			remoteInfo = BACalculator;
		};
		152AB70E2107DBDD001918EF /* PBXContainerItemProxy */ = {
			isa = PBXContainerItemProxy;
			containerPortal = 152AB6B92107DA95001918EF /* Project object */;
			proxyType = 1;
			remoteGlobalIDString = 152AB6FA2107DBDD001918EF;
			remoteInfo = DrinkKit;
		};
/* End PBXContainerItemProxy section */

/* Begin PBXCopyFilesBuildPhase section */
		152AB7152107DBDD001918EF /* Embed Frameworks */ = {
			isa = PBXCopyFilesBuildPhase;
			buildActionMask = 2147483647;
			dstPath = "";
			dstSubfolderSpec = 10;
			files = (
				152AB7112107DBDD001918EF /* DrinkKit.framework in Embed Frameworks */,
			);
			name = "Embed Frameworks";
			runOnlyForDeploymentPostprocessing = 0;
		};
/* End PBXCopyFilesBuildPhase section */

/* Begin PBXFileReference section */
		1504CE702110FD3800E1CF53 /* HistoryTableViewController.swift */ = {isa = PBXFileReference; lastKnownFileType = sourcecode.swift; path = HistoryTableViewController.swift; sourceTree = "<group>"; };
		1504CE732110FF3600E1CF53 /* DrinkHistoryTableViewCell.swift */ = {isa = PBXFileReference; lastKnownFileType = sourcecode.swift; path = DrinkHistoryTableViewCell.swift; sourceTree = "<group>"; };
		1506B4F2210A824D00CBDD14 /* XIBView.swift */ = {isa = PBXFileReference; lastKnownFileType = sourcecode.swift; path = XIBView.swift; sourceTree = "<group>"; };
		150853EA2120AE510085BA11 /* DiskManager.swift */ = {isa = PBXFileReference; lastKnownFileType = sourcecode.swift; path = DiskManager.swift; sourceTree = "<group>"; };
		150853EC2120B73E0085BA11 /* DrinkManager.swift */ = {isa = PBXFileReference; lastKnownFileType = sourcecode.swift; path = DrinkManager.swift; sourceTree = "<group>"; };
		150853EE2120B9EF0085BA11 /* DrinkerInformationManager.swift */ = {isa = PBXFileReference; lastKnownFileType = sourcecode.swift; path = DrinkerInformationManager.swift; sourceTree = "<group>"; };
		150853F22120BED10085BA11 /* UserDefaultsManager.swift */ = {isa = PBXFileReference; lastKnownFileType = sourcecode.swift; path = UserDefaultsManager.swift; sourceTree = "<group>"; };
		152AB6C12107DA95001918EF /* BACalculator.app */ = {isa = PBXFileReference; explicitFileType = wrapper.application; includeInIndex = 0; path = BACalculator.app; sourceTree = BUILT_PRODUCTS_DIR; };
		152AB6C42107DA95001918EF /* AppDelegate.swift */ = {isa = PBXFileReference; lastKnownFileType = sourcecode.swift; path = AppDelegate.swift; sourceTree = "<group>"; };
		152AB6C92107DA95001918EF /* Base */ = {isa = PBXFileReference; lastKnownFileType = file.storyboard; name = Base; path = Base.lproj/Main.storyboard; sourceTree = "<group>"; };
		152AB6CC2107DA95001918EF /* BACalculator.xcdatamodel */ = {isa = PBXFileReference; lastKnownFileType = wrapper.xcdatamodel; path = BACalculator.xcdatamodel; sourceTree = "<group>"; };
		152AB6CE2107DA96001918EF /* Assets.xcassets */ = {isa = PBXFileReference; lastKnownFileType = folder.assetcatalog; path = Assets.xcassets; sourceTree = "<group>"; };
		152AB6D12107DA96001918EF /* Base */ = {isa = PBXFileReference; lastKnownFileType = file.storyboard; name = Base; path = Base.lproj/LaunchScreen.storyboard; sourceTree = "<group>"; };
		152AB6D32107DA96001918EF /* Info.plist */ = {isa = PBXFileReference; lastKnownFileType = text.plist.xml; path = Info.plist; sourceTree = "<group>"; };
		152AB6D82107DA96001918EF /* BACalculatorTests.xctest */ = {isa = PBXFileReference; explicitFileType = wrapper.cfbundle; includeInIndex = 0; path = BACalculatorTests.xctest; sourceTree = BUILT_PRODUCTS_DIR; };
		152AB6DC2107DA96001918EF /* BACalculatorTests.swift */ = {isa = PBXFileReference; lastKnownFileType = sourcecode.swift; path = BACalculatorTests.swift; sourceTree = "<group>"; };
		152AB6DE2107DA96001918EF /* Info.plist */ = {isa = PBXFileReference; lastKnownFileType = text.plist.xml; path = Info.plist; sourceTree = "<group>"; };
		152AB6E32107DA96001918EF /* BACalculatorUITests.xctest */ = {isa = PBXFileReference; explicitFileType = wrapper.cfbundle; includeInIndex = 0; path = BACalculatorUITests.xctest; sourceTree = BUILT_PRODUCTS_DIR; };
		152AB6E72107DA96001918EF /* BACalculatorUITests.swift */ = {isa = PBXFileReference; lastKnownFileType = sourcecode.swift; path = BACalculatorUITests.swift; sourceTree = "<group>"; };
		152AB6E92107DA96001918EF /* Info.plist */ = {isa = PBXFileReference; lastKnownFileType = text.plist.xml; path = Info.plist; sourceTree = "<group>"; };
		152AB6F52107DAD8001918EF /* README.md */ = {isa = PBXFileReference; lastKnownFileType = net.daringfireball.markdown; path = README.md; sourceTree = "<group>"; };
		152AB6FB2107DBDD001918EF /* DrinkKit.framework */ = {isa = PBXFileReference; explicitFileType = wrapper.framework; includeInIndex = 0; path = DrinkKit.framework; sourceTree = BUILT_PRODUCTS_DIR; };
		152AB6FD2107DBDD001918EF /* DrinkKit.h */ = {isa = PBXFileReference; lastKnownFileType = sourcecode.c.h; path = DrinkKit.h; sourceTree = "<group>"; };
		152AB6FE2107DBDD001918EF /* Info.plist */ = {isa = PBXFileReference; lastKnownFileType = text.plist.xml; path = Info.plist; sourceTree = "<group>"; };
		152AB7032107DBDD001918EF /* DrinkKitTests.xctest */ = {isa = PBXFileReference; explicitFileType = wrapper.cfbundle; includeInIndex = 0; path = DrinkKitTests.xctest; sourceTree = BUILT_PRODUCTS_DIR; };
		152AB70C2107DBDD001918EF /* Info.plist */ = {isa = PBXFileReference; lastKnownFileType = text.plist.xml; path = Info.plist; sourceTree = "<group>"; };
		152AB7192107DC92001918EF /* DrinkerInformation.swift */ = {isa = PBXFileReference; lastKnownFileType = sourcecode.swift; path = DrinkerInformation.swift; sourceTree = "<group>"; };
		152AB71B2107E03F001918EF /* Drink.swift */ = {isa = PBXFileReference; lastKnownFileType = sourcecode.swift; path = Drink.swift; sourceTree = "<group>"; };
		152AB71D2107E091001918EF /* DrinkSize.swift */ = {isa = PBXFileReference; lastKnownFileType = sourcecode.swift; path = DrinkSize.swift; sourceTree = "<group>"; };
		15422118211125CF001515BF /* SettingsMasterTableViewController.swift */ = {isa = PBXFileReference; lastKnownFileType = sourcecode.swift; path = SettingsMasterTableViewController.swift; sourceTree = "<group>"; };
		1542211A211125D6001515BF /* SettingsDetailTableViewController.swift */ = {isa = PBXFileReference; lastKnownFileType = sourcecode.swift; path = SettingsDetailTableViewController.swift; sourceTree = "<group>"; };
		1542211D2111260D001515BF /* SettingsDetailTableViewDataSource.swift */ = {isa = PBXFileReference; lastKnownFileType = sourcecode.swift; path = SettingsDetailTableViewDataSource.swift; sourceTree = "<group>"; };
		1542211F21112630001515BF /* SettingsDetailTableViewDelegate.swift */ = {isa = PBXFileReference; lastKnownFileType = sourcecode.swift; path = SettingsDetailTableViewDelegate.swift; sourceTree = "<group>"; };
		1542212121112654001515BF /* SexDetailTableViewDataSource.swift */ = {isa = PBXFileReference; lastKnownFileType = sourcecode.swift; path = SexDetailTableViewDataSource.swift; sourceTree = "<group>"; };
		1542212321112674001515BF /* SexDetailTableViewDelegate.swift */ = {isa = PBXFileReference; lastKnownFileType = sourcecode.swift; path = SexDetailTableViewDelegate.swift; sourceTree = "<group>"; };
		15422129211126CC001515BF /* SettingsPickerViewDataSource.swift */ = {isa = PBXFileReference; lastKnownFileType = sourcecode.swift; path = SettingsPickerViewDataSource.swift; sourceTree = "<group>"; };
		1542212B211126E2001515BF /* SettingsPickerViewDelegate.swift */ = {isa = PBXFileReference; lastKnownFileType = sourcecode.swift; path = SettingsPickerViewDelegate.swift; sourceTree = "<group>"; };
		1542212D211126F9001515BF /* WeightPickerViewDataSource.swift */ = {isa = PBXFileReference; lastKnownFileType = sourcecode.swift; path = WeightPickerViewDataSource.swift; sourceTree = "<group>"; };
		1542212F2111270D001515BF /* WeightPickerViewDelegate.swift */ = {isa = PBXFileReference; lastKnownFileType = sourcecode.swift; path = WeightPickerViewDelegate.swift; sourceTree = "<group>"; };
		154310A1210F9CEB008A4CF5 /* DrinkAttributeAgent.swift */ = {isa = PBXFileReference; lastKnownFileType = sourcecode.swift; path = DrinkAttributeAgent.swift; sourceTree = "<group>"; };
		154310A3210FB024008A4CF5 /* AttributeDetailPickerTableViewCell.swift */ = {isa = PBXFileReference; lastKnownFileType = sourcecode.swift; path = AttributeDetailPickerTableViewCell.swift; sourceTree = "<group>"; };
		154310A5210FE2EF008A4CF5 /* CustomSizePickerViewDataSource.swift */ = {isa = PBXFileReference; lastKnownFileType = sourcecode.swift; path = CustomSizePickerViewDataSource.swift; sourceTree = "<group>"; };
		154310A7210FE2F9008A4CF5 /* CustomSizePickerViewDelegate.swift */ = {isa = PBXFileReference; lastKnownFileType = sourcecode.swift; path = CustomSizePickerViewDelegate.swift; sourceTree = "<group>"; };
		154310AB210FE514008A4CF5 /* AlcoholRatioPickerViewDataSource.swift */ = {isa = PBXFileReference; lastKnownFileType = sourcecode.swift; path = AlcoholRatioPickerViewDataSource.swift; sourceTree = "<group>"; };
		154310AD210FE633008A4CF5 /* AlcoholRatioPickerViewDelegate.swift */ = {isa = PBXFileReference; lastKnownFileType = sourcecode.swift; path = AlcoholRatioPickerViewDelegate.swift; sourceTree = "<group>"; };
		154310B1210FEFCA008A4CF5 /* VolumePickerViewDataSource.swift */ = {isa = PBXFileReference; lastKnownFileType = sourcecode.swift; path = VolumePickerViewDataSource.swift; sourceTree = "<group>"; };
		154310B3210FF07D008A4CF5 /* VolumePickerViewDelegate.swift */ = {isa = PBXFileReference; lastKnownFileType = sourcecode.swift; path = VolumePickerViewDelegate.swift; sourceTree = "<group>"; };
		154310B8211000A7008A4CF5 /* AttributeDelegate.swift */ = {isa = PBXFileReference; lastKnownFileType = sourcecode.swift; path = AttributeDelegate.swift; sourceTree = "<group>"; };
		154310BA21101983008A4CF5 /* TypeAttributeOptionCollectionViewDelegate.swift */ = {isa = PBXFileReference; lastKnownFileType = sourcecode.swift; path = TypeAttributeOptionCollectionViewDelegate.swift; sourceTree = "<group>"; };
		154310BC211019A0008A4CF5 /* SizeAttributeOptionCollectionViewDelegate.swift */ = {isa = PBXFileReference; lastKnownFileType = sourcecode.swift; path = SizeAttributeOptionCollectionViewDelegate.swift; sourceTree = "<group>"; };
		1548BFC7211413FF008E8C60 /* SettingsTableViewCell.swift */ = {isa = PBXFileReference; lastKnownFileType = sourcecode.swift; path = SettingsTableViewCell.swift; sourceTree = "<group>"; };
		155CA6D6210E69EF009F9BAB /* AttributeTableViewCell.swift */ = {isa = PBXFileReference; lastKnownFileType = sourcecode.swift; path = AttributeTableViewCell.swift; sourceTree = "<group>"; };
		155CA6DA210E85A0009F9BAB /* AttributeOptionCollectionViewDataSource.swift */ = {isa = PBXFileReference; lastKnownFileType = sourcecode.swift; path = AttributeOptionCollectionViewDataSource.swift; sourceTree = "<group>"; };
		155CA6DC210E8CB6009F9BAB /* AttributeOptionCollectionViewDelegate.swift */ = {isa = PBXFileReference; lastKnownFileType = sourcecode.swift; path = AttributeOptionCollectionViewDelegate.swift; sourceTree = "<group>"; };
		1568BFB6210CEF9A0077C6E7 /* AttributeHeaderTableViewCell.swift */ = {isa = PBXFileReference; lastKnownFileType = sourcecode.swift; path = AttributeHeaderTableViewCell.swift; sourceTree = "<group>"; };
		1568BFB8210CEFA70077C6E7 /* AttributeHeaderActionTableViewCell.swift */ = {isa = PBXFileReference; lastKnownFileType = sourcecode.swift; path = AttributeHeaderActionTableViewCell.swift; sourceTree = "<group>"; };
		1568BFBA210CEFB50077C6E7 /* AttributeCollectionTableViewCell.swift */ = {isa = PBXFileReference; lastKnownFileType = sourcecode.swift; path = AttributeCollectionTableViewCell.swift; sourceTree = "<group>"; };
		15905F22210E380C00FED891 /* AttributeDetailTableViewCell.swift */ = {isa = PBXFileReference; lastKnownFileType = sourcecode.swift; path = AttributeDetailTableViewCell.swift; sourceTree = "<group>"; };
		1591E81921095B5600F56581 /* HourControlButton.swift */ = {isa = PBXFileReference; lastKnownFileType = sourcecode.swift; path = HourControlButton.swift; sourceTree = "<group>"; };
		15A7C4F72109668900F260FB /* ThemeAgent.swift */ = {isa = PBXFileReference; lastKnownFileType = sourcecode.swift; path = ThemeAgent.swift; sourceTree = "<group>"; };
		15A7C5492109824B00F260FB /* ThemeNavigationViewController.swift */ = {isa = PBXFileReference; lastKnownFileType = sourcecode.swift; path = ThemeNavigationViewController.swift; sourceTree = "<group>"; };
		15B2A66C210A8BE4002C33AE /* AttributeCardView.swift */ = {isa = PBXFileReference; lastKnownFileType = sourcecode.swift; path = AttributeCardView.swift; sourceTree = "<group>"; };
		15B2A66E210A8E54002C33AE /* GlyphAttributeCardView.swift */ = {isa = PBXFileReference; lastKnownFileType = sourcecode.swift; path = GlyphAttributeCardView.swift; sourceTree = "<group>"; };
		15B2A670210A8EC0002C33AE /* HeaderAttributeCardView.swift */ = {isa = PBXFileReference; lastKnownFileType = sourcecode.swift; path = HeaderAttributeCardView.swift; sourceTree = "<group>"; };
		15B2A672210A9062002C33AE /* TypeAttributeCardView.swift */ = {isa = PBXFileReference; lastKnownFileType = sourcecode.swift; path = TypeAttributeCardView.swift; sourceTree = "<group>"; };
		15B2A674210A90C5002C33AE /* SizeAttributeCardView.swift */ = {isa = PBXFileReference; lastKnownFileType = sourcecode.swift; path = SizeAttributeCardView.swift; sourceTree = "<group>"; };
		15B2A676210A90F4002C33AE /* SizeAttributeCardView.xib */ = {isa = PBXFileReference; lastKnownFileType = file.xib; path = SizeAttributeCardView.xib; sourceTree = "<group>"; };
		15B2A678210A90FF002C33AE /* TypeAttributeCardView.xib */ = {isa = PBXFileReference; lastKnownFileType = file.xib; path = TypeAttributeCardView.xib; sourceTree = "<group>"; };
		15B2A67D210AAD7E002C33AE /* AttributeOptionCollectionViewCell.swift */ = {isa = PBXFileReference; lastKnownFileType = sourcecode.swift; path = AttributeOptionCollectionViewCell.swift; sourceTree = "<group>"; };
		15B57641210AB272007F48D1 /* AddDrinkTableViewController.swift */ = {isa = PBXFileReference; lastKnownFileType = sourcecode.swift; path = AddDrinkTableViewController.swift; sourceTree = "<group>"; };
		15B57647210ABEB0007F48D1 /* TypeAttributeOptionCollectionViewDataSource.swift */ = {isa = PBXFileReference; lastKnownFileType = sourcecode.swift; path = TypeAttributeOptionCollectionViewDataSource.swift; sourceTree = "<group>"; };
		15B5764B210ACCB7007F48D1 /* SizeAttributeOptionCollectionViewDataSource.swift */ = {isa = PBXFileReference; lastKnownFileType = sourcecode.swift; path = SizeAttributeOptionCollectionViewDataSource.swift; sourceTree = "<group>"; };
		15D29E4B2117DA7D009D0B93 /* SettingsNavigationViewController.swift */ = {isa = PBXFileReference; lastKnownFileType = sourcecode.swift; path = SettingsNavigationViewController.swift; sourceTree = "<group>"; };
		15D29E4D2117F7E5009D0B93 /* ThemeColor.swift */ = {isa = PBXFileReference; lastKnownFileType = sourcecode.swift; path = ThemeColor.swift; sourceTree = "<group>"; };
		15D551DF2107EDAB000F0889 /* DrinkType.swift */ = {isa = PBXFileReference; lastKnownFileType = sourcecode.swift; path = DrinkType.swift; sourceTree = "<group>"; };
		15D551E12107EDC5000F0889 /* StandardDrinkSize.swift */ = {isa = PBXFileReference; lastKnownFileType = sourcecode.swift; path = StandardDrinkSize.swift; sourceTree = "<group>"; };
		15D551E32107EDCD000F0889 /* CustomDrinkSize.swift */ = {isa = PBXFileReference; lastKnownFileType = sourcecode.swift; path = CustomDrinkSize.swift; sourceTree = "<group>"; };
		15D551E52107EDE7000F0889 /* DrinkerSex.swift */ = {isa = PBXFileReference; lastKnownFileType = sourcecode.swift; path = DrinkerSex.swift; sourceTree = "<group>"; };
		15D551E72107EDF3000F0889 /* DrinkerAlcoholMetabolism.swift */ = {isa = PBXFileReference; lastKnownFileType = sourcecode.swift; path = DrinkerAlcoholMetabolism.swift; sourceTree = "<group>"; };
		15D551E92107EE47000F0889 /* BloodAlcoholContent.swift */ = {isa = PBXFileReference; lastKnownFileType = sourcecode.swift; path = BloodAlcoholContent.swift; sourceTree = "<group>"; };
		15D551EB2107FFC6000F0889 /* AlcoholCalculator.swift */ = {isa = PBXFileReference; lastKnownFileType = sourcecode.swift; path = AlcoholCalculator.swift; sourceTree = "<group>"; };
		15D551ED21080935000F0889 /* DrinkerInformationTests.swift */ = {isa = PBXFileReference; lastKnownFileType = sourcecode.swift; path = DrinkerInformationTests.swift; sourceTree = "<group>"; };
		15D551EF21080C5A000F0889 /* DrinkTests.swift */ = {isa = PBXFileReference; lastKnownFileType = sourcecode.swift; path = DrinkTests.swift; sourceTree = "<group>"; };
		15D551F121081100000F0889 /* StandardDrinkSizeTests.swift */ = {isa = PBXFileReference; lastKnownFileType = sourcecode.swift; path = StandardDrinkSizeTests.swift; sourceTree = "<group>"; };
		15D551F3210811DB000F0889 /* CustomDrinkSizeTests.swift */ = {isa = PBXFileReference; lastKnownFileType = sourcecode.swift; path = CustomDrinkSizeTests.swift; sourceTree = "<group>"; };
		15D551F5210816B4000F0889 /* AlcoholCalculatorTests.swift */ = {isa = PBXFileReference; lastKnownFileType = sourcecode.swift; path = AlcoholCalculatorTests.swift; sourceTree = "<group>"; };
		15D5520021082BD9000F0889 /* HomeViewController.swift */ = {isa = PBXFileReference; lastKnownFileType = sourcecode.swift; path = HomeViewController.swift; sourceTree = "<group>"; };
		15E8F7ED2116445000810DD3 /* SettingsPickerDetailTableViewController.swift */ = {isa = PBXFileReference; lastKnownFileType = sourcecode.swift; path = SettingsPickerDetailTableViewController.swift; sourceTree = "<group>"; };
		15E8F7EF2116481200810DD3 /* SettingsPickerTableViewCell.swift */ = {isa = PBXFileReference; lastKnownFileType = sourcecode.swift; path = SettingsPickerTableViewCell.swift; sourceTree = "<group>"; };
		15E8F7F621164FC200810DD3 /* SettingsDelegate.swift */ = {isa = PBXFileReference; lastKnownFileType = sourcecode.swift; path = SettingsDelegate.swift; sourceTree = "<group>"; };
		15E8F7F821164FD300810DD3 /* SettingsDetailDelegate.swift */ = {isa = PBXFileReference; lastKnownFileType = sourcecode.swift; path = SettingsDetailDelegate.swift; sourceTree = "<group>"; };
		15F3EC9C2121251A001CE84C /* SafeModeManager.swift */ = {isa = PBXFileReference; lastKnownFileType = sourcecode.swift; path = SafeModeManager.swift; sourceTree = "<group>"; };
		15F3EC9E212125E9001CE84C /* Manager.swift */ = {isa = PBXFileReference; lastKnownFileType = sourcecode.swift; path = Manager.swift; sourceTree = "<group>"; };
		15F3ECA02121354D001CE84C /* CalculationDelegate.swift */ = {isa = PBXFileReference; lastKnownFileType = sourcecode.swift; path = CalculationDelegate.swift; sourceTree = "<group>"; };
/* End PBXFileReference section */

/* Begin PBXFrameworksBuildPhase section */
		152AB6BE2107DA95001918EF /* Frameworks */ = {
			isa = PBXFrameworksBuildPhase;
			buildActionMask = 2147483647;
			files = (
				152AB7102107DBDD001918EF /* DrinkKit.framework in Frameworks */,
			);
			runOnlyForDeploymentPostprocessing = 0;
		};
		152AB6D52107DA96001918EF /* Frameworks */ = {
			isa = PBXFrameworksBuildPhase;
			buildActionMask = 2147483647;
			files = (
			);
			runOnlyForDeploymentPostprocessing = 0;
		};
		152AB6E02107DA96001918EF /* Frameworks */ = {
			isa = PBXFrameworksBuildPhase;
			buildActionMask = 2147483647;
			files = (
			);
			runOnlyForDeploymentPostprocessing = 0;
		};
		152AB6F72107DBDD001918EF /* Frameworks */ = {
			isa = PBXFrameworksBuildPhase;
			buildActionMask = 2147483647;
			files = (
			);
			runOnlyForDeploymentPostprocessing = 0;
		};
		152AB7002107DBDD001918EF /* Frameworks */ = {
			isa = PBXFrameworksBuildPhase;
			buildActionMask = 2147483647;
			files = (
				152AB7042107DBDD001918EF /* DrinkKit.framework in Frameworks */,
			);
			runOnlyForDeploymentPostprocessing = 0;
		};
/* End PBXFrameworksBuildPhase section */

/* Begin PBXGroup section */
		1504CE722110FF1D00E1CF53 /* DrinkHistoryTableView */ = {
			isa = PBXGroup;
			children = (
				1504CE732110FF3600E1CF53 /* DrinkHistoryTableViewCell.swift */,
			);
			path = DrinkHistoryTableView;
			sourceTree = "<group>";
		};
		152AB6B82107DA95001918EF = {
			isa = PBXGroup;
			children = (
				152AB6F52107DAD8001918EF /* README.md */,
				152AB6C32107DA95001918EF /* BACalculator */,
				152AB6DB2107DA96001918EF /* BACalculatorTests */,
				152AB6E62107DA96001918EF /* BACalculatorUITests */,
				152AB6FC2107DBDD001918EF /* DrinkKit */,
				152AB7092107DBDD001918EF /* DrinkKitTests */,
				152AB6C22107DA95001918EF /* Products */,
			);
			sourceTree = "<group>";
		};
		152AB6C22107DA95001918EF /* Products */ = {
			isa = PBXGroup;
			children = (
				152AB6C12107DA95001918EF /* BACalculator.app */,
				152AB6D82107DA96001918EF /* BACalculatorTests.xctest */,
				152AB6E32107DA96001918EF /* BACalculatorUITests.xctest */,
				152AB6FB2107DBDD001918EF /* DrinkKit.framework */,
				152AB7032107DBDD001918EF /* DrinkKitTests.xctest */,
			);
			name = Products;
			sourceTree = "<group>";
		};
		152AB6C32107DA95001918EF /* BACalculator */ = {
			isa = PBXGroup;
			children = (
				152AB6C42107DA95001918EF /* AppDelegate.swift */,
				152AB6C82107DA95001918EF /* Main.storyboard */,
				152AB6D02107DA96001918EF /* LaunchScreen.storyboard */,
				15D551FE21082BA6000F0889 /* Controllers */,
				15D551FF21082BAD000F0889 /* Views */,
				15B57651210ADB45007F48D1 /* Models */,
				15D551F721082506000F0889 /* Services */,
				152AB6CB2107DA95001918EF /* BACalculator.xcdatamodeld */,
				152AB6CE2107DA96001918EF /* Assets.xcassets */,
				152AB6D32107DA96001918EF /* Info.plist */,
			);
			path = BACalculator;
			sourceTree = "<group>";
		};
		152AB6DB2107DA96001918EF /* BACalculatorTests */ = {
			isa = PBXGroup;
			children = (
				152AB6DC2107DA96001918EF /* BACalculatorTests.swift */,
				152AB6DE2107DA96001918EF /* Info.plist */,
			);
			path = BACalculatorTests;
			sourceTree = "<group>";
		};
		152AB6E62107DA96001918EF /* BACalculatorUITests */ = {
			isa = PBXGroup;
			children = (
				152AB6E72107DA96001918EF /* BACalculatorUITests.swift */,
				152AB6E92107DA96001918EF /* Info.plist */,
			);
			path = BACalculatorUITests;
			sourceTree = "<group>";
		};
		152AB6FC2107DBDD001918EF /* DrinkKit */ = {
			isa = PBXGroup;
			children = (
				152AB6FD2107DBDD001918EF /* DrinkKit.h */,
				15D551EB2107FFC6000F0889 /* AlcoholCalculator.swift */,
				15D551E92107EE47000F0889 /* BloodAlcoholContent.swift */,
				152AB71B2107E03F001918EF /* Drink.swift */,
				15D551DF2107EDAB000F0889 /* DrinkType.swift */,
				152AB71D2107E091001918EF /* DrinkSize.swift */,
				15D551E12107EDC5000F0889 /* StandardDrinkSize.swift */,
				15D551E32107EDCD000F0889 /* CustomDrinkSize.swift */,
				152AB7192107DC92001918EF /* DrinkerInformation.swift */,
				15D551E52107EDE7000F0889 /* DrinkerSex.swift */,
				15D551E72107EDF3000F0889 /* DrinkerAlcoholMetabolism.swift */,
				152AB6FE2107DBDD001918EF /* Info.plist */,
			);
			path = DrinkKit;
			sourceTree = "<group>";
		};
		152AB7092107DBDD001918EF /* DrinkKitTests */ = {
			isa = PBXGroup;
			children = (
				15D551F5210816B4000F0889 /* AlcoholCalculatorTests.swift */,
				15D551EF21080C5A000F0889 /* DrinkTests.swift */,
				15D551F121081100000F0889 /* StandardDrinkSizeTests.swift */,
				15D551F3210811DB000F0889 /* CustomDrinkSizeTests.swift */,
				15D551ED21080935000F0889 /* DrinkerInformationTests.swift */,
				152AB70C2107DBDD001918EF /* Info.plist */,
			);
			path = DrinkKitTests;
			sourceTree = "<group>";
		};
		1548BFC6211413E6008E8C60 /* SettingsTableViewCell */ = {
			isa = PBXGroup;
			children = (
				1548BFC7211413FF008E8C60 /* SettingsTableViewCell.swift */,
				15E8F7EF2116481200810DD3 /* SettingsPickerTableViewCell.swift */,
			);
			path = SettingsTableViewCell;
			sourceTree = "<group>";
		};
		15B57651210ADB45007F48D1 /* Models */ = {
			isa = PBXGroup;
			children = (
				154310A1210F9CEB008A4CF5 /* DrinkAttributeAgent.swift */,
				15A7C4F72109668900F260FB /* ThemeAgent.swift */,
				15D29E4D2117F7E5009D0B93 /* ThemeColor.swift */,
				154310B8211000A7008A4CF5 /* AttributeDelegate.swift */,
				15F3ECA02121354D001CE84C /* CalculationDelegate.swift */,
				15E8F7F621164FC200810DD3 /* SettingsDelegate.swift */,
				15E8F7F821164FD300810DD3 /* SettingsDetailDelegate.swift */,
				15E8F7F121164E1C00810DD3 /* AttributeOptionCollectionView */,
				15E8F7F221164E2600810DD3 /* CustomSizePickerView */,
				15E8F7F321164E4000810DD3 /* SettingsDetailTableView */,
				15E8F7F421164E5400810DD3 /* SettingsPickerView */,
			);
			path = Models;
			sourceTree = "<group>";
		};
		15D29E4A2117DA60009D0B93 /* NavigationController */ = {
			isa = PBXGroup;
			children = (
				15D29E4B2117DA7D009D0B93 /* SettingsNavigationViewController.swift */,
				15A7C5492109824B00F260FB /* ThemeNavigationViewController.swift */,
			);
			path = NavigationController;
			sourceTree = "<group>";
		};
		15D551F721082506000F0889 /* Services */ = {
			isa = PBXGroup;
			children = (
				15F3EC9E212125E9001CE84C /* Manager.swift */,
				150853EA2120AE510085BA11 /* DiskManager.swift */,
				150853EC2120B73E0085BA11 /* DrinkManager.swift */,
				150853EE2120B9EF0085BA11 /* DrinkerInformationManager.swift */,
				150853F22120BED10085BA11 /* UserDefaultsManager.swift */,
				15F3EC9C2121251A001CE84C /* SafeModeManager.swift */,
			);
			path = Services;
			sourceTree = "<group>";
		};
		15D551FE21082BA6000F0889 /* Controllers */ = {
			isa = PBXGroup;
			children = (
				15D29E4A2117DA60009D0B93 /* NavigationController */,
				15D5520021082BD9000F0889 /* HomeViewController.swift */,
				15B57641210AB272007F48D1 /* AddDrinkTableViewController.swift */,
				1504CE702110FD3800E1CF53 /* HistoryTableViewController.swift */,
				15422118211125CF001515BF /* SettingsMasterTableViewController.swift */,
				1542211A211125D6001515BF /* SettingsDetailTableViewController.swift */,
				15E8F7ED2116445000810DD3 /* SettingsPickerDetailTableViewController.swift */,
			);
			path = Controllers;
			sourceTree = "<group>";
		};
		15D551FF21082BAD000F0889 /* Views */ = {
			isa = PBXGroup;
			children = (
				1591E81921095B5600F56581 /* HourControlButton.swift */,
				1506B4F2210A824D00CBDD14 /* XIBView.swift */,
				15E8F7F521164F4800810DD3 /* AttributeTableView */,
				15EBF901210E3A3500877A0B /* AttributeCard */,
				1504CE722110FF1D00E1CF53 /* DrinkHistoryTableView */,
				1548BFC6211413E6008E8C60 /* SettingsTableViewCell */,
			);
			path = Views;
			sourceTree = "<group>";
		};
		15E8F7F121164E1C00810DD3 /* AttributeOptionCollectionView */ = {
			isa = PBXGroup;
			children = (
				155CA6DA210E85A0009F9BAB /* AttributeOptionCollectionViewDataSource.swift */,
				155CA6DC210E8CB6009F9BAB /* AttributeOptionCollectionViewDelegate.swift */,
				15B57647210ABEB0007F48D1 /* TypeAttributeOptionCollectionViewDataSource.swift */,
				154310BA21101983008A4CF5 /* TypeAttributeOptionCollectionViewDelegate.swift */,
				15B5764B210ACCB7007F48D1 /* SizeAttributeOptionCollectionViewDataSource.swift */,
				154310BC211019A0008A4CF5 /* SizeAttributeOptionCollectionViewDelegate.swift */,
			);
			path = AttributeOptionCollectionView;
			sourceTree = "<group>";
		};
		15E8F7F221164E2600810DD3 /* CustomSizePickerView */ = {
			isa = PBXGroup;
			children = (
				154310A5210FE2EF008A4CF5 /* CustomSizePickerViewDataSource.swift */,
				154310A7210FE2F9008A4CF5 /* CustomSizePickerViewDelegate.swift */,
				154310AB210FE514008A4CF5 /* AlcoholRatioPickerViewDataSource.swift */,
				154310AD210FE633008A4CF5 /* AlcoholRatioPickerViewDelegate.swift */,
				154310B1210FEFCA008A4CF5 /* VolumePickerViewDataSource.swift */,
				154310B3210FF07D008A4CF5 /* VolumePickerViewDelegate.swift */,
			);
			path = CustomSizePickerView;
			sourceTree = "<group>";
		};
		15E8F7F321164E4000810DD3 /* SettingsDetailTableView */ = {
			isa = PBXGroup;
			children = (
				1542211D2111260D001515BF /* SettingsDetailTableViewDataSource.swift */,
				1542211F21112630001515BF /* SettingsDetailTableViewDelegate.swift */,
				1542212121112654001515BF /* SexDetailTableViewDataSource.swift */,
				1542212321112674001515BF /* SexDetailTableViewDelegate.swift */,
			);
			path = SettingsDetailTableView;
			sourceTree = "<group>";
		};
		15E8F7F421164E5400810DD3 /* SettingsPickerView */ = {
			isa = PBXGroup;
			children = (
				15422129211126CC001515BF /* SettingsPickerViewDataSource.swift */,
				1542212B211126E2001515BF /* SettingsPickerViewDelegate.swift */,
				1542212D211126F9001515BF /* WeightPickerViewDataSource.swift */,
				1542212F2111270D001515BF /* WeightPickerViewDelegate.swift */,
			);
			path = SettingsPickerView;
			sourceTree = "<group>";
		};
		15E8F7F521164F4800810DD3 /* AttributeTableView */ = {
			isa = PBXGroup;
			children = (
				155CA6D6210E69EF009F9BAB /* AttributeTableViewCell.swift */,
				1568BFB6210CEF9A0077C6E7 /* AttributeHeaderTableViewCell.swift */,
				1568BFB8210CEFA70077C6E7 /* AttributeHeaderActionTableViewCell.swift */,
				1568BFBA210CEFB50077C6E7 /* AttributeCollectionTableViewCell.swift */,
				15905F22210E380C00FED891 /* AttributeDetailTableViewCell.swift */,
				154310A3210FB024008A4CF5 /* AttributeDetailPickerTableViewCell.swift */,
				15B2A67D210AAD7E002C33AE /* AttributeOptionCollectionViewCell.swift */,
			);
			path = AttributeTableView;
			sourceTree = "<group>";
		};
		15EBF901210E3A3500877A0B /* AttributeCard */ = {
			isa = PBXGroup;
			children = (
				15B2A66C210A8BE4002C33AE /* AttributeCardView.swift */,
				15B2A66E210A8E54002C33AE /* GlyphAttributeCardView.swift */,
				15B2A670210A8EC0002C33AE /* HeaderAttributeCardView.swift */,
				15B2A672210A9062002C33AE /* TypeAttributeCardView.swift */,
				15B2A678210A90FF002C33AE /* TypeAttributeCardView.xib */,
				15B2A674210A90C5002C33AE /* SizeAttributeCardView.swift */,
				15B2A676210A90F4002C33AE /* SizeAttributeCardView.xib */,
			);
			path = AttributeCard;
			sourceTree = "<group>";
		};
/* End PBXGroup section */

/* Begin PBXHeadersBuildPhase section */
		152AB6F82107DBDD001918EF /* Headers */ = {
			isa = PBXHeadersBuildPhase;
			buildActionMask = 2147483647;
			files = (
				152AB70D2107DBDD001918EF /* DrinkKit.h in Headers */,
			);
			runOnlyForDeploymentPostprocessing = 0;
		};
/* End PBXHeadersBuildPhase section */

/* Begin PBXNativeTarget section */
		152AB6C02107DA95001918EF /* BACalculator */ = {
			isa = PBXNativeTarget;
			buildConfigurationList = 152AB6EC2107DA96001918EF /* Build configuration list for PBXNativeTarget "BACalculator" */;
			buildPhases = (
				152AB6BD2107DA95001918EF /* Sources */,
				152AB6BE2107DA95001918EF /* Frameworks */,
				152AB6BF2107DA95001918EF /* Resources */,
				152AB7152107DBDD001918EF /* Embed Frameworks */,
			);
			buildRules = (
			);
			dependencies = (
				152AB70F2107DBDD001918EF /* PBXTargetDependency */,
			);
			name = BACalculator;
			productName = BACalculator;
			productReference = 152AB6C12107DA95001918EF /* BACalculator.app */;
			productType = "com.apple.product-type.application";
		};
		152AB6D72107DA96001918EF /* BACalculatorTests */ = {
			isa = PBXNativeTarget;
			buildConfigurationList = 152AB6EF2107DA96001918EF /* Build configuration list for PBXNativeTarget "BACalculatorTests" */;
			buildPhases = (
				152AB6D42107DA96001918EF /* Sources */,
				152AB6D52107DA96001918EF /* Frameworks */,
				152AB6D62107DA96001918EF /* Resources */,
			);
			buildRules = (
			);
			dependencies = (
				152AB6DA2107DA96001918EF /* PBXTargetDependency */,
			);
			name = BACalculatorTests;
			productName = BACalculatorTests;
			productReference = 152AB6D82107DA96001918EF /* BACalculatorTests.xctest */;
			productType = "com.apple.product-type.bundle.unit-test";
		};
		152AB6E22107DA96001918EF /* BACalculatorUITests */ = {
			isa = PBXNativeTarget;
			buildConfigurationList = 152AB6F22107DA96001918EF /* Build configuration list for PBXNativeTarget "BACalculatorUITests" */;
			buildPhases = (
				152AB6DF2107DA96001918EF /* Sources */,
				152AB6E02107DA96001918EF /* Frameworks */,
				152AB6E12107DA96001918EF /* Resources */,
			);
			buildRules = (
			);
			dependencies = (
				152AB6E52107DA96001918EF /* PBXTargetDependency */,
			);
			name = BACalculatorUITests;
			productName = BACalculatorUITests;
			productReference = 152AB6E32107DA96001918EF /* BACalculatorUITests.xctest */;
			productType = "com.apple.product-type.bundle.ui-testing";
		};
		152AB6FA2107DBDD001918EF /* DrinkKit */ = {
			isa = PBXNativeTarget;
			buildConfigurationList = 152AB7122107DBDD001918EF /* Build configuration list for PBXNativeTarget "DrinkKit" */;
			buildPhases = (
				152AB6F62107DBDD001918EF /* Sources */,
				152AB6F72107DBDD001918EF /* Frameworks */,
				152AB6F82107DBDD001918EF /* Headers */,
				152AB6F92107DBDD001918EF /* Resources */,
			);
			buildRules = (
			);
			dependencies = (
			);
			name = DrinkKit;
			productName = DrinkKit;
			productReference = 152AB6FB2107DBDD001918EF /* DrinkKit.framework */;
			productType = "com.apple.product-type.framework";
		};
		152AB7022107DBDD001918EF /* DrinkKitTests */ = {
			isa = PBXNativeTarget;
			buildConfigurationList = 152AB7162107DBDD001918EF /* Build configuration list for PBXNativeTarget "DrinkKitTests" */;
			buildPhases = (
				152AB6FF2107DBDD001918EF /* Sources */,
				152AB7002107DBDD001918EF /* Frameworks */,
				152AB7012107DBDD001918EF /* Resources */,
			);
			buildRules = (
			);
			dependencies = (
				152AB7062107DBDD001918EF /* PBXTargetDependency */,
				152AB7082107DBDD001918EF /* PBXTargetDependency */,
			);
			name = DrinkKitTests;
			productName = DrinkKitTests;
			productReference = 152AB7032107DBDD001918EF /* DrinkKitTests.xctest */;
			productType = "com.apple.product-type.bundle.unit-test";
		};
/* End PBXNativeTarget section */

/* Begin PBXProject section */
		152AB6B92107DA95001918EF /* Project object */ = {
			isa = PBXProject;
			attributes = {
				LastSwiftUpdateCheck = 0940;
				LastUpgradeCheck = 0940;
				ORGANIZATIONNAME = "James Ungaretti";
				TargetAttributes = {
					152AB6C02107DA95001918EF = {
						CreatedOnToolsVersion = 9.4.1;
					};
					152AB6D72107DA96001918EF = {
						CreatedOnToolsVersion = 9.4.1;
						TestTargetID = 152AB6C02107DA95001918EF;
					};
					152AB6E22107DA96001918EF = {
						CreatedOnToolsVersion = 9.4.1;
						TestTargetID = 152AB6C02107DA95001918EF;
					};
					152AB6FA2107DBDD001918EF = {
						CreatedOnToolsVersion = 9.4.1;
						LastSwiftMigration = 0940;
					};
					152AB7022107DBDD001918EF = {
						CreatedOnToolsVersion = 9.4.1;
						LastSwiftMigration = 0940;
						TestTargetID = 152AB6C02107DA95001918EF;
					};
				};
			};
			buildConfigurationList = 152AB6BC2107DA95001918EF /* Build configuration list for PBXProject "BACalculator" */;
			compatibilityVersion = "Xcode 9.3";
			developmentRegion = en;
			hasScannedForEncodings = 0;
			knownRegions = (
				en,
				Base,
			);
			mainGroup = 152AB6B82107DA95001918EF;
			productRefGroup = 152AB6C22107DA95001918EF /* Products */;
			projectDirPath = "";
			projectRoot = "";
			targets = (
				152AB6C02107DA95001918EF /* BACalculator */,
				152AB6D72107DA96001918EF /* BACalculatorTests */,
				152AB6E22107DA96001918EF /* BACalculatorUITests */,
				152AB6FA2107DBDD001918EF /* DrinkKit */,
				152AB7022107DBDD001918EF /* DrinkKitTests */,
			);
		};
/* End PBXProject section */

/* Begin PBXResourcesBuildPhase section */
		152AB6BF2107DA95001918EF /* Resources */ = {
			isa = PBXResourcesBuildPhase;
			buildActionMask = 2147483647;
			files = (
				152AB6D22107DA96001918EF /* LaunchScreen.storyboard in Resources */,
				15B2A679210A90FF002C33AE /* TypeAttributeCardView.xib in Resources */,
				152AB6CF2107DA96001918EF /* Assets.xcassets in Resources */,
				15B2A677210A90F4002C33AE /* SizeAttributeCardView.xib in Resources */,
				152AB6CA2107DA95001918EF /* Main.storyboard in Resources */,
			);
			runOnlyForDeploymentPostprocessing = 0;
		};
		152AB6D62107DA96001918EF /* Resources */ = {
			isa = PBXResourcesBuildPhase;
			buildActionMask = 2147483647;
			files = (
			);
			runOnlyForDeploymentPostprocessing = 0;
		};
		152AB6E12107DA96001918EF /* Resources */ = {
			isa = PBXResourcesBuildPhase;
			buildActionMask = 2147483647;
			files = (
			);
			runOnlyForDeploymentPostprocessing = 0;
		};
		152AB6F92107DBDD001918EF /* Resources */ = {
			isa = PBXResourcesBuildPhase;
			buildActionMask = 2147483647;
			files = (
			);
			runOnlyForDeploymentPostprocessing = 0;
		};
		152AB7012107DBDD001918EF /* Resources */ = {
			isa = PBXResourcesBuildPhase;
			buildActionMask = 2147483647;
			files = (
			);
			runOnlyForDeploymentPostprocessing = 0;
		};
/* End PBXResourcesBuildPhase section */

/* Begin PBXSourcesBuildPhase section */
		152AB6BD2107DA95001918EF /* Sources */ = {
			isa = PBXSourcesBuildPhase;
			buildActionMask = 2147483647;
			files = (
				15B2A66D210A8BE4002C33AE /* AttributeCardView.swift in Sources */,
				15B2A67E210AAD7E002C33AE /* AttributeOptionCollectionViewCell.swift in Sources */,
				15B57648210ABEB0007F48D1 /* TypeAttributeOptionCollectionViewDataSource.swift in Sources */,
				1506B4F3210A824D00CBDD14 /* XIBView.swift in Sources */,
				15905F23210E380C00FED891 /* AttributeDetailTableViewCell.swift in Sources */,
				150853F32120BED10085BA11 /* UserDefaultsManager.swift in Sources */,
				154310A2210F9CEB008A4CF5 /* DrinkAttributeAgent.swift in Sources */,
				154310BB21101983008A4CF5 /* TypeAttributeOptionCollectionViewDelegate.swift in Sources */,
				154310AC210FE514008A4CF5 /* AlcoholRatioPickerViewDataSource.swift in Sources */,
				154221302111270D001515BF /* WeightPickerViewDelegate.swift in Sources */,
				15B2A671210A8EC0002C33AE /* HeaderAttributeCardView.swift in Sources */,
				15E8F7EE2116445000810DD3 /* SettingsPickerDetailTableViewController.swift in Sources */,
				15D29E4E2117F7E5009D0B93 /* ThemeColor.swift in Sources */,
				15D29E4C2117DA7D009D0B93 /* SettingsNavigationViewController.swift in Sources */,
				1548BFC8211413FF008E8C60 /* SettingsTableViewCell.swift in Sources */,
				155CA6DB210E85A0009F9BAB /* AttributeOptionCollectionViewDataSource.swift in Sources */,
				15E8F7F921164FD300810DD3 /* SettingsDetailDelegate.swift in Sources */,
				1568BFB9210CEFA70077C6E7 /* AttributeHeaderActionTableViewCell.swift in Sources */,
				152AB6C52107DA95001918EF /* AppDelegate.swift in Sources */,
				1542212E211126F9001515BF /* WeightPickerViewDataSource.swift in Sources */,
				1542212221112654001515BF /* SexDetailTableViewDataSource.swift in Sources */,
				1568BFBB210CEFB50077C6E7 /* AttributeCollectionTableViewCell.swift in Sources */,
				1504CE742110FF3600E1CF53 /* DrinkHistoryTableViewCell.swift in Sources */,
				15E8F7F721164FC200810DD3 /* SettingsDelegate.swift in Sources */,
				15F3EC9F212125E9001CE84C /* Manager.swift in Sources */,
				1542211B211125D6001515BF /* SettingsDetailTableViewController.swift in Sources */,
				1542212C211126E2001515BF /* SettingsPickerViewDelegate.swift in Sources */,
				15B2A66F210A8E54002C33AE /* GlyphAttributeCardView.swift in Sources */,
				154310A8210FE2F9008A4CF5 /* CustomSizePickerViewDelegate.swift in Sources */,
				15E8F7F02116481200810DD3 /* SettingsPickerTableViewCell.swift in Sources */,
				155CA6DD210E8CB6009F9BAB /* AttributeOptionCollectionViewDelegate.swift in Sources */,
				152AB6CD2107DA95001918EF /* BACalculator.xcdatamodeld in Sources */,
				154310B2210FEFCA008A4CF5 /* VolumePickerViewDataSource.swift in Sources */,
				15B2A675210A90C5002C33AE /* SizeAttributeCardView.swift in Sources */,
				1542212421112674001515BF /* SexDetailTableViewDelegate.swift in Sources */,
				15D5520121082BD9000F0889 /* HomeViewController.swift in Sources */,
				150853ED2120B73E0085BA11 /* DrinkManager.swift in Sources */,
				1591E81A21095B5600F56581 /* HourControlButton.swift in Sources */,
				15A7C54A2109824B00F260FB /* ThemeNavigationViewController.swift in Sources */,
				150853EB2120AE510085BA11 /* DiskManager.swift in Sources */,
				154310B9211000A7008A4CF5 /* AttributeDelegate.swift in Sources */,
				15A7C4F82109668900F260FB /* ThemeAgent.swift in Sources */,
				15F3EC9D2121251A001CE84C /* SafeModeManager.swift in Sources */,
				15B57642210AB272007F48D1 /* AddDrinkTableViewController.swift in Sources */,
				1542212021112630001515BF /* SettingsDetailTableViewDelegate.swift in Sources */,
				150853EF2120B9EF0085BA11 /* DrinkerInformationManager.swift in Sources */,
				154310A4210FB024008A4CF5 /* AttributeDetailPickerTableViewCell.swift in Sources */,
				154310BD211019A0008A4CF5 /* SizeAttributeOptionCollectionViewDelegate.swift in Sources */,
				1542211E2111260D001515BF /* SettingsDetailTableViewDataSource.swift in Sources */,
				15B5764C210ACCB7007F48D1 /* SizeAttributeOptionCollectionViewDataSource.swift in Sources */,
				15F3ECA12121354D001CE84C /* CalculationDelegate.swift in Sources */,
				1542212A211126CC001515BF /* SettingsPickerViewDataSource.swift in Sources */,
				1568BFB7210CEF9A0077C6E7 /* AttributeHeaderTableViewCell.swift in Sources */,
				154310B4210FF07D008A4CF5 /* VolumePickerViewDelegate.swift in Sources */,
				154310AE210FE633008A4CF5 /* AlcoholRatioPickerViewDelegate.swift in Sources */,
				154310A6210FE2EF008A4CF5 /* CustomSizePickerViewDataSource.swift in Sources */,
				155CA6D7210E69EF009F9BAB /* AttributeTableViewCell.swift in Sources */,
				15422119211125CF001515BF /* SettingsMasterTableViewController.swift in Sources */,
				15B2A673210A9062002C33AE /* TypeAttributeCardView.swift in Sources */,
				1504CE712110FD3800E1CF53 /* HistoryTableViewController.swift in Sources */,
			);
			runOnlyForDeploymentPostprocessing = 0;
		};
		152AB6D42107DA96001918EF /* Sources */ = {
			isa = PBXSourcesBuildPhase;
			buildActionMask = 2147483647;
			files = (
				152AB6DD2107DA96001918EF /* BACalculatorTests.swift in Sources */,
			);
			runOnlyForDeploymentPostprocessing = 0;
		};
		152AB6DF2107DA96001918EF /* Sources */ = {
			isa = PBXSourcesBuildPhase;
			buildActionMask = 2147483647;
			files = (
				152AB6E82107DA96001918EF /* BACalculatorUITests.swift in Sources */,
			);
			runOnlyForDeploymentPostprocessing = 0;
		};
		152AB6F62107DBDD001918EF /* Sources */ = {
			isa = PBXSourcesBuildPhase;
			buildActionMask = 2147483647;
			files = (
				15D551E42107EDCD000F0889 /* CustomDrinkSize.swift in Sources */,
				15D551EA2107EE47000F0889 /* BloodAlcoholContent.swift in Sources */,
				15D551E02107EDAB000F0889 /* DrinkType.swift in Sources */,
				15D551E62107EDE7000F0889 /* DrinkerSex.swift in Sources */,
				152AB71E2107E091001918EF /* DrinkSize.swift in Sources */,
				15D551E22107EDC5000F0889 /* StandardDrinkSize.swift in Sources */,
				15D551EC2107FFC6000F0889 /* AlcoholCalculator.swift in Sources */,
				15D551E82107EDF3000F0889 /* DrinkerAlcoholMetabolism.swift in Sources */,
				152AB71C2107E03F001918EF /* Drink.swift in Sources */,
				152AB71A2107DC92001918EF /* DrinkerInformation.swift in Sources */,
			);
			runOnlyForDeploymentPostprocessing = 0;
		};
		152AB6FF2107DBDD001918EF /* Sources */ = {
			isa = PBXSourcesBuildPhase;
			buildActionMask = 2147483647;
			files = (
				15D551F021080C5A000F0889 /* DrinkTests.swift in Sources */,
				15D551F221081100000F0889 /* StandardDrinkSizeTests.swift in Sources */,
				15D551F4210811DB000F0889 /* CustomDrinkSizeTests.swift in Sources */,
				15D551EE21080935000F0889 /* DrinkerInformationTests.swift in Sources */,
				15D551F6210816B4000F0889 /* AlcoholCalculatorTests.swift in Sources */,
			);
			runOnlyForDeploymentPostprocessing = 0;
		};
/* End PBXSourcesBuildPhase section */

/* Begin PBXTargetDependency section */
		152AB6DA2107DA96001918EF /* PBXTargetDependency */ = {
			isa = PBXTargetDependency;
			target = 152AB6C02107DA95001918EF /* BACalculator */;
			targetProxy = 152AB6D92107DA96001918EF /* PBXContainerItemProxy */;
		};
		152AB6E52107DA96001918EF /* PBXTargetDependency */ = {
			isa = PBXTargetDependency;
			target = 152AB6C02107DA95001918EF /* BACalculator */;
			targetProxy = 152AB6E42107DA96001918EF /* PBXContainerItemProxy */;
		};
		152AB7062107DBDD001918EF /* PBXTargetDependency */ = {
			isa = PBXTargetDependency;
			target = 152AB6FA2107DBDD001918EF /* DrinkKit */;
			targetProxy = 152AB7052107DBDD001918EF /* PBXContainerItemProxy */;
		};
		152AB7082107DBDD001918EF /* PBXTargetDependency */ = {
			isa = PBXTargetDependency;
			target = 152AB6C02107DA95001918EF /* BACalculator */;
			targetProxy = 152AB7072107DBDD001918EF /* PBXContainerItemProxy */;
		};
		152AB70F2107DBDD001918EF /* PBXTargetDependency */ = {
			isa = PBXTargetDependency;
			target = 152AB6FA2107DBDD001918EF /* DrinkKit */;
			targetProxy = 152AB70E2107DBDD001918EF /* PBXContainerItemProxy */;
		};
/* End PBXTargetDependency section */

/* Begin PBXVariantGroup section */
		152AB6C82107DA95001918EF /* Main.storyboard */ = {
			isa = PBXVariantGroup;
			children = (
				152AB6C92107DA95001918EF /* Base */,
			);
			name = Main.storyboard;
			sourceTree = "<group>";
		};
		152AB6D02107DA96001918EF /* LaunchScreen.storyboard */ = {
			isa = PBXVariantGroup;
			children = (
				152AB6D12107DA96001918EF /* Base */,
			);
			name = LaunchScreen.storyboard;
			sourceTree = "<group>";
		};
/* End PBXVariantGroup section */

/* Begin XCBuildConfiguration section */
		152AB6EA2107DA96001918EF /* Debug */ = {
			isa = XCBuildConfiguration;
			buildSettings = {
				ALWAYS_SEARCH_USER_PATHS = NO;
				CLANG_ANALYZER_NONNULL = YES;
				CLANG_ANALYZER_NUMBER_OBJECT_CONVERSION = YES_AGGRESSIVE;
				CLANG_CXX_LANGUAGE_STANDARD = "gnu++14";
				CLANG_CXX_LIBRARY = "libc++";
				CLANG_ENABLE_MODULES = YES;
				CLANG_ENABLE_OBJC_ARC = YES;
				CLANG_ENABLE_OBJC_WEAK = YES;
				CLANG_WARN_BLOCK_CAPTURE_AUTORELEASING = YES;
				CLANG_WARN_BOOL_CONVERSION = YES;
				CLANG_WARN_COMMA = YES;
				CLANG_WARN_CONSTANT_CONVERSION = YES;
				CLANG_WARN_DEPRECATED_OBJC_IMPLEMENTATIONS = YES;
				CLANG_WARN_DIRECT_OBJC_ISA_USAGE = YES_ERROR;
				CLANG_WARN_DOCUMENTATION_COMMENTS = YES;
				CLANG_WARN_EMPTY_BODY = YES;
				CLANG_WARN_ENUM_CONVERSION = YES;
				CLANG_WARN_INFINITE_RECURSION = YES;
				CLANG_WARN_INT_CONVERSION = YES;
				CLANG_WARN_NON_LITERAL_NULL_CONVERSION = YES;
				CLANG_WARN_OBJC_IMPLICIT_RETAIN_SELF = YES;
				CLANG_WARN_OBJC_LITERAL_CONVERSION = YES;
				CLANG_WARN_OBJC_ROOT_CLASS = YES_ERROR;
				CLANG_WARN_RANGE_LOOP_ANALYSIS = YES;
				CLANG_WARN_STRICT_PROTOTYPES = YES;
				CLANG_WARN_SUSPICIOUS_MOVE = YES;
				CLANG_WARN_UNGUARDED_AVAILABILITY = YES_AGGRESSIVE;
				CLANG_WARN_UNREACHABLE_CODE = YES;
				CLANG_WARN__DUPLICATE_METHOD_MATCH = YES;
				CODE_SIGN_IDENTITY = "iPhone Developer";
				COPY_PHASE_STRIP = NO;
				DEBUG_INFORMATION_FORMAT = dwarf;
				ENABLE_STRICT_OBJC_MSGSEND = YES;
				ENABLE_TESTABILITY = YES;
				GCC_C_LANGUAGE_STANDARD = gnu11;
				GCC_DYNAMIC_NO_PIC = NO;
				GCC_NO_COMMON_BLOCKS = YES;
				GCC_OPTIMIZATION_LEVEL = 0;
				GCC_PREPROCESSOR_DEFINITIONS = (
					"DEBUG=1",
					"$(inherited)",
				);
				GCC_WARN_64_TO_32_BIT_CONVERSION = YES;
				GCC_WARN_ABOUT_RETURN_TYPE = YES_ERROR;
				GCC_WARN_UNDECLARED_SELECTOR = YES;
				GCC_WARN_UNINITIALIZED_AUTOS = YES_AGGRESSIVE;
				GCC_WARN_UNUSED_FUNCTION = YES;
				GCC_WARN_UNUSED_VARIABLE = YES;
				IPHONEOS_DEPLOYMENT_TARGET = 11.4;
				MTL_ENABLE_DEBUG_INFO = YES;
				ONLY_ACTIVE_ARCH = YES;
				SDKROOT = iphoneos;
				SWIFT_ACTIVE_COMPILATION_CONDITIONS = DEBUG;
				SWIFT_OPTIMIZATION_LEVEL = "-Onone";
			};
			name = Debug;
		};
		152AB6EB2107DA96001918EF /* Release */ = {
			isa = XCBuildConfiguration;
			buildSettings = {
				ALWAYS_SEARCH_USER_PATHS = NO;
				CLANG_ANALYZER_NONNULL = YES;
				CLANG_ANALYZER_NUMBER_OBJECT_CONVERSION = YES_AGGRESSIVE;
				CLANG_CXX_LANGUAGE_STANDARD = "gnu++14";
				CLANG_CXX_LIBRARY = "libc++";
				CLANG_ENABLE_MODULES = YES;
				CLANG_ENABLE_OBJC_ARC = YES;
				CLANG_ENABLE_OBJC_WEAK = YES;
				CLANG_WARN_BLOCK_CAPTURE_AUTORELEASING = YES;
				CLANG_WARN_BOOL_CONVERSION = YES;
				CLANG_WARN_COMMA = YES;
				CLANG_WARN_CONSTANT_CONVERSION = YES;
				CLANG_WARN_DEPRECATED_OBJC_IMPLEMENTATIONS = YES;
				CLANG_WARN_DIRECT_OBJC_ISA_USAGE = YES_ERROR;
				CLANG_WARN_DOCUMENTATION_COMMENTS = YES;
				CLANG_WARN_EMPTY_BODY = YES;
				CLANG_WARN_ENUM_CONVERSION = YES;
				CLANG_WARN_INFINITE_RECURSION = YES;
				CLANG_WARN_INT_CONVERSION = YES;
				CLANG_WARN_NON_LITERAL_NULL_CONVERSION = YES;
				CLANG_WARN_OBJC_IMPLICIT_RETAIN_SELF = YES;
				CLANG_WARN_OBJC_LITERAL_CONVERSION = YES;
				CLANG_WARN_OBJC_ROOT_CLASS = YES_ERROR;
				CLANG_WARN_RANGE_LOOP_ANALYSIS = YES;
				CLANG_WARN_STRICT_PROTOTYPES = YES;
				CLANG_WARN_SUSPICIOUS_MOVE = YES;
				CLANG_WARN_UNGUARDED_AVAILABILITY = YES_AGGRESSIVE;
				CLANG_WARN_UNREACHABLE_CODE = YES;
				CLANG_WARN__DUPLICATE_METHOD_MATCH = YES;
				CODE_SIGN_IDENTITY = "iPhone Developer";
				COPY_PHASE_STRIP = NO;
				DEBUG_INFORMATION_FORMAT = "dwarf-with-dsym";
				ENABLE_NS_ASSERTIONS = NO;
				ENABLE_STRICT_OBJC_MSGSEND = YES;
				GCC_C_LANGUAGE_STANDARD = gnu11;
				GCC_NO_COMMON_BLOCKS = YES;
				GCC_WARN_64_TO_32_BIT_CONVERSION = YES;
				GCC_WARN_ABOUT_RETURN_TYPE = YES_ERROR;
				GCC_WARN_UNDECLARED_SELECTOR = YES;
				GCC_WARN_UNINITIALIZED_AUTOS = YES_AGGRESSIVE;
				GCC_WARN_UNUSED_FUNCTION = YES;
				GCC_WARN_UNUSED_VARIABLE = YES;
				IPHONEOS_DEPLOYMENT_TARGET = 11.4;
				MTL_ENABLE_DEBUG_INFO = NO;
				SDKROOT = iphoneos;
				SWIFT_COMPILATION_MODE = wholemodule;
				SWIFT_OPTIMIZATION_LEVEL = "-O";
				VALIDATE_PRODUCT = YES;
			};
			name = Release;
		};
		152AB6ED2107DA96001918EF /* Debug */ = {
			isa = XCBuildConfiguration;
			buildSettings = {
				ALWAYS_EMBED_SWIFT_STANDARD_LIBRARIES = YES;
				ASSETCATALOG_COMPILER_APPICON_NAME = AppIcon;
				CODE_SIGN_STYLE = Automatic;
				DEVELOPMENT_TEAM = XDGS844A6P;
				INFOPLIST_FILE = BACalculator/Info.plist;
				IPHONEOS_DEPLOYMENT_TARGET = 11.0;
				LD_RUNPATH_SEARCH_PATHS = (
					"$(inherited)",
					"@executable_path/Frameworks",
				);
				PRODUCT_BUNDLE_IDENTIFIER = com.jungaretti.BACalculator;
				PRODUCT_NAME = "$(TARGET_NAME)";
				SWIFT_VERSION = 4.0;
				TARGETED_DEVICE_FAMILY = 1;
			};
			name = Debug;
		};
		152AB6EE2107DA96001918EF /* Release */ = {
			isa = XCBuildConfiguration;
			buildSettings = {
				ALWAYS_EMBED_SWIFT_STANDARD_LIBRARIES = YES;
				ASSETCATALOG_COMPILER_APPICON_NAME = AppIcon;
				CODE_SIGN_STYLE = Automatic;
				DEVELOPMENT_TEAM = XDGS844A6P;
				INFOPLIST_FILE = BACalculator/Info.plist;
				IPHONEOS_DEPLOYMENT_TARGET = 11.0;
				LD_RUNPATH_SEARCH_PATHS = (
					"$(inherited)",
					"@executable_path/Frameworks",
				);
				PRODUCT_BUNDLE_IDENTIFIER = com.jungaretti.BACalculator;
				PRODUCT_NAME = "$(TARGET_NAME)";
				SWIFT_VERSION = 4.0;
				TARGETED_DEVICE_FAMILY = 1;
			};
			name = Release;
		};
		152AB6F02107DA96001918EF /* Debug */ = {
			isa = XCBuildConfiguration;
			buildSettings = {
				ALWAYS_EMBED_SWIFT_STANDARD_LIBRARIES = YES;
				BUNDLE_LOADER = "$(TEST_HOST)";
				CODE_SIGN_STYLE = Automatic;
				DEVELOPMENT_TEAM = XDGS844A6P;
				INFOPLIST_FILE = BACalculatorTests/Info.plist;
				LD_RUNPATH_SEARCH_PATHS = (
					"$(inherited)",
					"@executable_path/Frameworks",
					"@loader_path/Frameworks",
				);
				PRODUCT_BUNDLE_IDENTIFIER = com.jungaretti.BACalculatorTests;
				PRODUCT_NAME = "$(TARGET_NAME)";
				SWIFT_VERSION = 4.0;
				TARGETED_DEVICE_FAMILY = "1,2";
				TEST_HOST = "$(BUILT_PRODUCTS_DIR)/BACalculator.app/BACalculator";
			};
			name = Debug;
		};
		152AB6F12107DA96001918EF /* Release */ = {
			isa = XCBuildConfiguration;
			buildSettings = {
				ALWAYS_EMBED_SWIFT_STANDARD_LIBRARIES = YES;
				BUNDLE_LOADER = "$(TEST_HOST)";
				CODE_SIGN_STYLE = Automatic;
				DEVELOPMENT_TEAM = XDGS844A6P;
				INFOPLIST_FILE = BACalculatorTests/Info.plist;
				LD_RUNPATH_SEARCH_PATHS = (
					"$(inherited)",
					"@executable_path/Frameworks",
					"@loader_path/Frameworks",
				);
				PRODUCT_BUNDLE_IDENTIFIER = com.jungaretti.BACalculatorTests;
				PRODUCT_NAME = "$(TARGET_NAME)";
				SWIFT_VERSION = 4.0;
				TARGETED_DEVICE_FAMILY = "1,2";
				TEST_HOST = "$(BUILT_PRODUCTS_DIR)/BACalculator.app/BACalculator";
			};
			name = Release;
		};
		152AB6F32107DA96001918EF /* Debug */ = {
			isa = XCBuildConfiguration;
			buildSettings = {
				ALWAYS_EMBED_SWIFT_STANDARD_LIBRARIES = YES;
				CODE_SIGN_STYLE = Automatic;
				DEVELOPMENT_TEAM = XDGS844A6P;
				INFOPLIST_FILE = BACalculatorUITests/Info.plist;
				LD_RUNPATH_SEARCH_PATHS = (
					"$(inherited)",
					"@executable_path/Frameworks",
					"@loader_path/Frameworks",
				);
				PRODUCT_BUNDLE_IDENTIFIER = com.jungaretti.BACalculatorUITests;
				PRODUCT_NAME = "$(TARGET_NAME)";
				SWIFT_VERSION = 4.0;
				TARGETED_DEVICE_FAMILY = "1,2";
				TEST_TARGET_NAME = BACalculator;
			};
			name = Debug;
		};
		152AB6F42107DA96001918EF /* Release */ = {
			isa = XCBuildConfiguration;
			buildSettings = {
				ALWAYS_EMBED_SWIFT_STANDARD_LIBRARIES = YES;
				CODE_SIGN_STYLE = Automatic;
				DEVELOPMENT_TEAM = XDGS844A6P;
				INFOPLIST_FILE = BACalculatorUITests/Info.plist;
				LD_RUNPATH_SEARCH_PATHS = (
					"$(inherited)",
					"@executable_path/Frameworks",
					"@loader_path/Frameworks",
				);
				PRODUCT_BUNDLE_IDENTIFIER = com.jungaretti.BACalculatorUITests;
				PRODUCT_NAME = "$(TARGET_NAME)";
				SWIFT_VERSION = 4.0;
				TARGETED_DEVICE_FAMILY = "1,2";
				TEST_TARGET_NAME = BACalculator;
			};
			name = Release;
		};
		152AB7132107DBDD001918EF /* Debug */ = {
			isa = XCBuildConfiguration;
			buildSettings = {
				CLANG_ENABLE_MODULES = YES;
				CODE_SIGN_IDENTITY = "";
				CODE_SIGN_STYLE = Automatic;
				CURRENT_PROJECT_VERSION = 1;
				DEFINES_MODULE = YES;
				DEVELOPMENT_TEAM = XDGS844A6P;
				DYLIB_COMPATIBILITY_VERSION = 1;
				DYLIB_CURRENT_VERSION = 1;
				DYLIB_INSTALL_NAME_BASE = "@rpath";
				INFOPLIST_FILE = DrinkKit/Info.plist;
				INSTALL_PATH = "$(LOCAL_LIBRARY_DIR)/Frameworks";
				IPHONEOS_DEPLOYMENT_TARGET = 10.0;
				LD_RUNPATH_SEARCH_PATHS = (
					"$(inherited)",
					"@executable_path/Frameworks",
					"@loader_path/Frameworks",
				);
				PRODUCT_BUNDLE_IDENTIFIER = com.jungaretti.DrinkKit;
				PRODUCT_NAME = "$(TARGET_NAME:c99extidentifier)";
				SKIP_INSTALL = YES;
				SWIFT_OPTIMIZATION_LEVEL = "-Onone";
				SWIFT_VERSION = 4.0;
				TARGETED_DEVICE_FAMILY = "1,2";
				VERSIONING_SYSTEM = "apple-generic";
				VERSION_INFO_PREFIX = "";
			};
			name = Debug;
		};
		152AB7142107DBDD001918EF /* Release */ = {
			isa = XCBuildConfiguration;
			buildSettings = {
				CLANG_ENABLE_MODULES = YES;
				CODE_SIGN_IDENTITY = "";
				CODE_SIGN_STYLE = Automatic;
				CURRENT_PROJECT_VERSION = 1;
				DEFINES_MODULE = YES;
				DEVELOPMENT_TEAM = XDGS844A6P;
				DYLIB_COMPATIBILITY_VERSION = 1;
				DYLIB_CURRENT_VERSION = 1;
				DYLIB_INSTALL_NAME_BASE = "@rpath";
				INFOPLIST_FILE = DrinkKit/Info.plist;
				INSTALL_PATH = "$(LOCAL_LIBRARY_DIR)/Frameworks";
				IPHONEOS_DEPLOYMENT_TARGET = 10.0;
				LD_RUNPATH_SEARCH_PATHS = (
					"$(inherited)",
					"@executable_path/Frameworks",
					"@loader_path/Frameworks",
				);
				PRODUCT_BUNDLE_IDENTIFIER = com.jungaretti.DrinkKit;
				PRODUCT_NAME = "$(TARGET_NAME:c99extidentifier)";
				SKIP_INSTALL = YES;
				SWIFT_VERSION = 4.0;
				TARGETED_DEVICE_FAMILY = "1,2";
				VERSIONING_SYSTEM = "apple-generic";
				VERSION_INFO_PREFIX = "";
			};
			name = Release;
		};
		152AB7172107DBDD001918EF /* Debug */ = {
			isa = XCBuildConfiguration;
			buildSettings = {
				ALWAYS_EMBED_SWIFT_STANDARD_LIBRARIES = YES;
				CLANG_ENABLE_MODULES = YES;
				CODE_SIGN_STYLE = Automatic;
				DEVELOPMENT_TEAM = XDGS844A6P;
				INFOPLIST_FILE = DrinkKitTests/Info.plist;
				LD_RUNPATH_SEARCH_PATHS = (
					"$(inherited)",
					"@executable_path/Frameworks",
					"@loader_path/Frameworks",
				);
				PRODUCT_BUNDLE_IDENTIFIER = com.jungaretti.DrinkKitTests;
				PRODUCT_NAME = "$(TARGET_NAME)";
				SWIFT_OPTIMIZATION_LEVEL = "-Onone";
				SWIFT_VERSION = 4.0;
				TARGETED_DEVICE_FAMILY = "1,2";
				TEST_HOST = "$(BUILT_PRODUCTS_DIR)/BACalculator.app/BACalculator";
			};
			name = Debug;
		};
		152AB7182107DBDD001918EF /* Release */ = {
			isa = XCBuildConfiguration;
			buildSettings = {
				ALWAYS_EMBED_SWIFT_STANDARD_LIBRARIES = YES;
				CLANG_ENABLE_MODULES = YES;
				CODE_SIGN_STYLE = Automatic;
				DEVELOPMENT_TEAM = XDGS844A6P;
				INFOPLIST_FILE = DrinkKitTests/Info.plist;
				LD_RUNPATH_SEARCH_PATHS = (
					"$(inherited)",
					"@executable_path/Frameworks",
					"@loader_path/Frameworks",
				);
				PRODUCT_BUNDLE_IDENTIFIER = com.jungaretti.DrinkKitTests;
				PRODUCT_NAME = "$(TARGET_NAME)";
				SWIFT_VERSION = 4.0;
				TARGETED_DEVICE_FAMILY = "1,2";
				TEST_HOST = "$(BUILT_PRODUCTS_DIR)/BACalculator.app/BACalculator";
			};
			name = Release;
		};
/* End XCBuildConfiguration section */

/* Begin XCConfigurationList section */
		152AB6BC2107DA95001918EF /* Build configuration list for PBXProject "BACalculator" */ = {
			isa = XCConfigurationList;
			buildConfigurations = (
				152AB6EA2107DA96001918EF /* Debug */,
				152AB6EB2107DA96001918EF /* Release */,
			);
			defaultConfigurationIsVisible = 0;
			defaultConfigurationName = Release;
		};
		152AB6EC2107DA96001918EF /* Build configuration list for PBXNativeTarget "BACalculator" */ = {
			isa = XCConfigurationList;
			buildConfigurations = (
				152AB6ED2107DA96001918EF /* Debug */,
				152AB6EE2107DA96001918EF /* Release */,
			);
			defaultConfigurationIsVisible = 0;
			defaultConfigurationName = Release;
		};
		152AB6EF2107DA96001918EF /* Build configuration list for PBXNativeTarget "BACalculatorTests" */ = {
			isa = XCConfigurationList;
			buildConfigurations = (
				152AB6F02107DA96001918EF /* Debug */,
				152AB6F12107DA96001918EF /* Release */,
			);
			defaultConfigurationIsVisible = 0;
			defaultConfigurationName = Release;
		};
		152AB6F22107DA96001918EF /* Build configuration list for PBXNativeTarget "BACalculatorUITests" */ = {
			isa = XCConfigurationList;
			buildConfigurations = (
				152AB6F32107DA96001918EF /* Debug */,
				152AB6F42107DA96001918EF /* Release */,
			);
			defaultConfigurationIsVisible = 0;
			defaultConfigurationName = Release;
		};
		152AB7122107DBDD001918EF /* Build configuration list for PBXNativeTarget "DrinkKit" */ = {
			isa = XCConfigurationList;
			buildConfigurations = (
				152AB7132107DBDD001918EF /* Debug */,
				152AB7142107DBDD001918EF /* Release */,
			);
			defaultConfigurationIsVisible = 0;
			defaultConfigurationName = Release;
		};
		152AB7162107DBDD001918EF /* Build configuration list for PBXNativeTarget "DrinkKitTests" */ = {
			isa = XCConfigurationList;
			buildConfigurations = (
				152AB7172107DBDD001918EF /* Debug */,
				152AB7182107DBDD001918EF /* Release */,
			);
			defaultConfigurationIsVisible = 0;
			defaultConfigurationName = Release;
		};
/* End XCConfigurationList section */

/* Begin XCVersionGroup section */
		152AB6CB2107DA95001918EF /* BACalculator.xcdatamodeld */ = {
			isa = XCVersionGroup;
			children = (
				152AB6CC2107DA95001918EF /* BACalculator.xcdatamodel */,
			);
			currentVersion = 152AB6CC2107DA95001918EF /* BACalculator.xcdatamodel */;
			path = BACalculator.xcdatamodeld;
			sourceTree = "<group>";
			versionGroupType = wrapper.xcdatamodel;
		};
/* End XCVersionGroup section */
	};
	rootObject = 152AB6B92107DA95001918EF /* Project object */;
}
