// !$*UTF8*$!
{
	archiveVersion = 1;
	classes = {
	};
	objectVersion = 50;
	objects = {

/* Begin PBXBuildFile section */
		1506B4F3210A824D00CBDD14 /* XIBView.swift in Sources */ = {isa = PBXBuildFile; fileRef = 1506B4F2210A824D00CBDD14 /* XIBView.swift */; };
		152AB6C52107DA95001918EF /* AppDelegate.swift in Sources */ = {isa = PBXBuildFile; fileRef = 152AB6C42107DA95001918EF /* AppDelegate.swift */; };
		152AB6CA2107DA95001918EF /* Main.storyboard in Resources */ = {isa = PBXBuildFile; fileRef = 152AB6C82107DA95001918EF /* Main.storyboard */; };
		152AB6CD2107DA95001918EF /* BACalculator.xcdatamodeld in Sources */ = {isa = PBXBuildFile; fileRef = 152AB6CB2107DA95001918EF /* BACalculator.xcdatamodeld */; };
		152AB6CF2107DA96001918EF /* Assets.xcassets in Resources */ = {isa = PBXBuildFile; fileRef = 152AB6CE2107DA96001918EF /* Assets.xcassets */; };
		152AB6D22107DA96001918EF /* LaunchScreen.storyboard in Resources */ = {isa = PBXBuildFile; fileRef = 152AB6D02107DA96001918EF /* LaunchScreen.storyboard */; };
		152AB6DD2107DA96001918EF /* BACalculatorTests.swift in Sources */ = {isa = PBXBuildFile; fileRef = 152AB6DC2107DA96001918EF /* BACalculatorTests.swift */; };
		152AB6E82107DA96001918EF /* BACalculatorUITests.swift in Sources */ = {isa = PBXBuildFile; fileRef = 152AB6E72107DA96001918EF /* BACalculatorUITests.swift */; };
		152AB7042107DBDD001918EF /* DrinkKit.framework in Frameworks */ = {isa = PBXBuildFile; fileRef = 152AB6FB2107DBDD001918EF /* DrinkKit.framework */; };
		152AB70D2107DBDD001918EF /* DrinkKit.h in Headers */ = {isa = PBXBuildFile; fileRef = 152AB6FD2107DBDD001918EF /* DrinkKit.h */; settings = {ATTRIBUTES = (Public, ); }; };
		152AB7102107DBDD001918EF /* DrinkKit.framework in Frameworks */ = {isa = PBXBuildFile; fileRef = 152AB6FB2107DBDD001918EF /* DrinkKit.framework */; };
		152AB7112107DBDD001918EF /* DrinkKit.framework in Embed Frameworks */ = {isa = PBXBuildFile; fileRef = 152AB6FB2107DBDD001918EF /* DrinkKit.framework */; settings = {ATTRIBUTES = (CodeSignOnCopy, RemoveHeadersOnCopy, ); }; };
		152AB71A2107DC92001918EF /* DrinkerInformation.swift in Sources */ = {isa = PBXBuildFile; fileRef = 152AB7192107DC92001918EF /* DrinkerInformation.swift */; };
		152AB71C2107E03F001918EF /* Drink.swift in Sources */ = {isa = PBXBuildFile; fileRef = 152AB71B2107E03F001918EF /* Drink.swift */; };
		152AB71E2107E091001918EF /* DrinkSize.swift in Sources */ = {isa = PBXBuildFile; fileRef = 152AB71D2107E091001918EF /* DrinkSize.swift */; };
		1591E81A21095B5600F56581 /* TimeControlButton.swift in Sources */ = {isa = PBXBuildFile; fileRef = 1591E81921095B5600F56581 /* TimeControlButton.swift */; };
		15A7C4F82109668900F260FB /* ColorManager.swift in Sources */ = {isa = PBXBuildFile; fileRef = 15A7C4F72109668900F260FB /* ColorManager.swift */; };
		15A7C54A2109824B00F260FB /* ThemedNavigationViewController.swift in Sources */ = {isa = PBXBuildFile; fileRef = 15A7C5492109824B00F260FB /* ThemedNavigationViewController.swift */; };
		15B2A66D210A8BE4002C33AE /* DrinkAttributeCardView.swift in Sources */ = {isa = PBXBuildFile; fileRef = 15B2A66C210A8BE4002C33AE /* DrinkAttributeCardView.swift */; };
		15B2A66F210A8E54002C33AE /* DrinkGlyphAttributeCardView.swift in Sources */ = {isa = PBXBuildFile; fileRef = 15B2A66E210A8E54002C33AE /* DrinkGlyphAttributeCardView.swift */; };
		15B2A671210A8EC0002C33AE /* DrinkHeaderAttributeCardView.swift in Sources */ = {isa = PBXBuildFile; fileRef = 15B2A670210A8EC0002C33AE /* DrinkHeaderAttributeCardView.swift */; };
		15B2A673210A9062002C33AE /* DrinkTypeAttributeCardView.swift in Sources */ = {isa = PBXBuildFile; fileRef = 15B2A672210A9062002C33AE /* DrinkTypeAttributeCardView.swift */; };
		15B2A675210A90C5002C33AE /* DrinkSizeAttributeCardView.swift in Sources */ = {isa = PBXBuildFile; fileRef = 15B2A674210A90C5002C33AE /* DrinkSizeAttributeCardView.swift */; };
		15B2A677210A90F4002C33AE /* DrinkSizeAttributeCardView.xib in Resources */ = {isa = PBXBuildFile; fileRef = 15B2A676210A90F4002C33AE /* DrinkSizeAttributeCardView.xib */; };
		15B2A679210A90FF002C33AE /* DrinkTypeAttributeCardView.xib in Resources */ = {isa = PBXBuildFile; fileRef = 15B2A678210A90FF002C33AE /* DrinkTypeAttributeCardView.xib */; };
		15B2A67C210AAB78002C33AE /* DrinkAttributeTableViewCell.swift in Sources */ = {isa = PBXBuildFile; fileRef = 15B2A67B210AAB78002C33AE /* DrinkAttributeTableViewCell.swift */; };
		15B2A67E210AAD7E002C33AE /* DrinkAttributeOptionCollectionViewCell.swift in Sources */ = {isa = PBXBuildFile; fileRef = 15B2A67D210AAD7E002C33AE /* DrinkAttributeOptionCollectionViewCell.swift */; };
		15B57642210AB272007F48D1 /* DrinkTableViewController.swift in Sources */ = {isa = PBXBuildFile; fileRef = 15B57641210AB272007F48D1 /* DrinkTableViewController.swift */; };
		15B57648210ABEB0007F48D1 /* DrinkTypeAttributeOptionCollectionViewDataSource.swift in Sources */ = {isa = PBXBuildFile; fileRef = 15B57647210ABEB0007F48D1 /* DrinkTypeAttributeOptionCollectionViewDataSource.swift */; };
		15B5764C210ACCB7007F48D1 /* DrinkSizeAttributeOptionCollectionViewDataSource.swift in Sources */ = {isa = PBXBuildFile; fileRef = 15B5764B210ACCB7007F48D1 /* DrinkSizeAttributeOptionCollectionViewDataSource.swift */; };
		15D551E02107EDAB000F0889 /* DrinkType.swift in Sources */ = {isa = PBXBuildFile; fileRef = 15D551DF2107EDAB000F0889 /* DrinkType.swift */; };
		15D551E22107EDC5000F0889 /* StandardDrinkSize.swift in Sources */ = {isa = PBXBuildFile; fileRef = 15D551E12107EDC5000F0889 /* StandardDrinkSize.swift */; };
		15D551E42107EDCD000F0889 /* CustomDrinkSize.swift in Sources */ = {isa = PBXBuildFile; fileRef = 15D551E32107EDCD000F0889 /* CustomDrinkSize.swift */; };
		15D551E62107EDE7000F0889 /* DrinkerSex.swift in Sources */ = {isa = PBXBuildFile; fileRef = 15D551E52107EDE7000F0889 /* DrinkerSex.swift */; };
		15D551E82107EDF3000F0889 /* DrinkerAlcoholMetabolism.swift in Sources */ = {isa = PBXBuildFile; fileRef = 15D551E72107EDF3000F0889 /* DrinkerAlcoholMetabolism.swift */; };
		15D551EA2107EE47000F0889 /* BloodAlcoholContent.swift in Sources */ = {isa = PBXBuildFile; fileRef = 15D551E92107EE47000F0889 /* BloodAlcoholContent.swift */; };
		15D551EC2107FFC6000F0889 /* AlcoholCalculator.swift in Sources */ = {isa = PBXBuildFile; fileRef = 15D551EB2107FFC6000F0889 /* AlcoholCalculator.swift */; };
		15D551EE21080935000F0889 /* DrinkerInformationTests.swift in Sources */ = {isa = PBXBuildFile; fileRef = 15D551ED21080935000F0889 /* DrinkerInformationTests.swift */; };
		15D551F021080C5A000F0889 /* DrinkTests.swift in Sources */ = {isa = PBXBuildFile; fileRef = 15D551EF21080C5A000F0889 /* DrinkTests.swift */; };
		15D551F221081100000F0889 /* StandardDrinkSizeTests.swift in Sources */ = {isa = PBXBuildFile; fileRef = 15D551F121081100000F0889 /* StandardDrinkSizeTests.swift */; };
		15D551F4210811DB000F0889 /* CustomDrinkSizeTests.swift in Sources */ = {isa = PBXBuildFile; fileRef = 15D551F3210811DB000F0889 /* CustomDrinkSizeTests.swift */; };
		15D551F6210816B4000F0889 /* AlcoholCalculatorTests.swift in Sources */ = {isa = PBXBuildFile; fileRef = 15D551F5210816B4000F0889 /* AlcoholCalculatorTests.swift */; };
		15D551F921082574000F0889 /* DrinkManager.swift in Sources */ = {isa = PBXBuildFile; fileRef = 15D551F821082574000F0889 /* DrinkManager.swift */; };
		15D551FB21082A03000F0889 /* DrinkerInformationManager.swift in Sources */ = {isa = PBXBuildFile; fileRef = 15D551FA21082A03000F0889 /* DrinkerInformationManager.swift */; };
		15D551FD21082B0C000F0889 /* PreferencesManager.swift in Sources */ = {isa = PBXBuildFile; fileRef = 15D551FC21082B0C000F0889 /* PreferencesManager.swift */; };
		15D5520121082BD9000F0889 /* HomeViewController.swift in Sources */ = {isa = PBXBuildFile; fileRef = 15D5520021082BD9000F0889 /* HomeViewController.swift */; };
/* End PBXBuildFile section */

/* Begin PBXContainerItemProxy section */
		152AB6D92107DA96001918EF /* PBXContainerItemProxy */ = {
			isa = PBXContainerItemProxy;
			containerPortal = 152AB6B92107DA95001918EF /* Project object */;
			proxyType = 1;
			remoteGlobalIDString = 152AB6C02107DA95001918EF;
			remoteInfo = BACalculator;
		};
		152AB6E42107DA96001918EF /* PBXContainerItemProxy */ = {
			isa = PBXContainerItemProxy;
			containerPortal = 152AB6B92107DA95001918EF /* Project object */;
			proxyType = 1;
			remoteGlobalIDString = 152AB6C02107DA95001918EF;
			remoteInfo = BACalculator;
		};
		152AB7052107DBDD001918EF /* PBXContainerItemProxy */ = {
			isa = PBXContainerItemProxy;
			containerPortal = 152AB6B92107DA95001918EF /* Project object */;
			proxyType = 1;
			remoteGlobalIDString = 152AB6FA2107DBDD001918EF;
			remoteInfo = DrinkKit;
		};
		152AB7072107DBDD001918EF /* PBXContainerItemProxy */ = {
			isa = PBXContainerItemProxy;
			containerPortal = 152AB6B92107DA95001918EF /* Project object */;
			proxyType = 1;
			remoteGlobalIDString = 152AB6C02107DA95001918EF;
			remoteInfo = BACalculator;
		};
		152AB70E2107DBDD001918EF /* PBXContainerItemProxy */ = {
			isa = PBXContainerItemProxy;
			containerPortal = 152AB6B92107DA95001918EF /* Project object */;
			proxyType = 1;
			remoteGlobalIDString = 152AB6FA2107DBDD001918EF;
			remoteInfo = DrinkKit;
		};
/* End PBXContainerItemProxy section */

/* Begin PBXCopyFilesBuildPhase section */
		152AB7152107DBDD001918EF /* Embed Frameworks */ = {
			isa = PBXCopyFilesBuildPhase;
			buildActionMask = 2147483647;
			dstPath = "";
			dstSubfolderSpec = 10;
			files = (
				152AB7112107DBDD001918EF /* DrinkKit.framework in Embed Frameworks */,
			);
			name = "Embed Frameworks";
			runOnlyForDeploymentPostprocessing = 0;
		};
/* End PBXCopyFilesBuildPhase section */

/* Begin PBXFileReference section */
		1506B4F2210A824D00CBDD14 /* XIBView.swift */ = {isa = PBXFileReference; lastKnownFileType = sourcecode.swift; path = XIBView.swift; sourceTree = "<group>"; };
		152AB6C12107DA95001918EF /* BACalculator.app */ = {isa = PBXFileReference; explicitFileType = wrapper.application; includeInIndex = 0; path = BACalculator.app; sourceTree = BUILT_PRODUCTS_DIR; };
		152AB6C42107DA95001918EF /* AppDelegate.swift */ = {isa = PBXFileReference; lastKnownFileType = sourcecode.swift; path = AppDelegate.swift; sourceTree = "<group>"; };
		152AB6C92107DA95001918EF /* Base */ = {isa = PBXFileReference; lastKnownFileType = file.storyboard; name = Base; path = Base.lproj/Main.storyboard; sourceTree = "<group>"; };
		152AB6CC2107DA95001918EF /* BACalculator.xcdatamodel */ = {isa = PBXFileReference; lastKnownFileType = wrapper.xcdatamodel; path = BACalculator.xcdatamodel; sourceTree = "<group>"; };
		152AB6CE2107DA96001918EF /* Assets.xcassets */ = {isa = PBXFileReference; lastKnownFileType = folder.assetcatalog; path = Assets.xcassets; sourceTree = "<group>"; };
		152AB6D12107DA96001918EF /* Base */ = {isa = PBXFileReference; lastKnownFileType = file.storyboard; name = Base; path = Base.lproj/LaunchScreen.storyboard; sourceTree = "<group>"; };
		152AB6D32107DA96001918EF /* Info.plist */ = {isa = PBXFileReference; lastKnownFileType = text.plist.xml; path = Info.plist; sourceTree = "<group>"; };
		152AB6D82107DA96001918EF /* BACalculatorTests.xctest */ = {isa = PBXFileReference; explicitFileType = wrapper.cfbundle; includeInIndex = 0; path = BACalculatorTests.xctest; sourceTree = BUILT_PRODUCTS_DIR; };
		152AB6DC2107DA96001918EF /* BACalculatorTests.swift */ = {isa = PBXFileReference; lastKnownFileType = sourcecode.swift; path = BACalculatorTests.swift; sourceTree = "<group>"; };
		152AB6DE2107DA96001918EF /* Info.plist */ = {isa = PBXFileReference; lastKnownFileType = text.plist.xml; path = Info.plist; sourceTree = "<group>"; };
		152AB6E32107DA96001918EF /* BACalculatorUITests.xctest */ = {isa = PBXFileReference; explicitFileType = wrapper.cfbundle; includeInIndex = 0; path = BACalculatorUITests.xctest; sourceTree = BUILT_PRODUCTS_DIR; };
		152AB6E72107DA96001918EF /* BACalculatorUITests.swift */ = {isa = PBXFileReference; lastKnownFileType = sourcecode.swift; path = BACalculatorUITests.swift; sourceTree = "<group>"; };
		152AB6E92107DA96001918EF /* Info.plist */ = {isa = PBXFileReference; lastKnownFileType = text.plist.xml; path = Info.plist; sourceTree = "<group>"; };
		152AB6F52107DAD8001918EF /* README.md */ = {isa = PBXFileReference; lastKnownFileType = net.daringfireball.markdown; path = README.md; sourceTree = "<group>"; };
		152AB6FB2107DBDD001918EF /* DrinkKit.framework */ = {isa = PBXFileReference; explicitFileType = wrapper.framework; includeInIndex = 0; path = DrinkKit.framework; sourceTree = BUILT_PRODUCTS_DIR; };
		152AB6FD2107DBDD001918EF /* DrinkKit.h */ = {isa = PBXFileReference; lastKnownFileType = sourcecode.c.h; path = DrinkKit.h; sourceTree = "<group>"; };
		152AB6FE2107DBDD001918EF /* Info.plist */ = {isa = PBXFileReference; lastKnownFileType = text.plist.xml; path = Info.plist; sourceTree = "<group>"; };
		152AB7032107DBDD001918EF /* DrinkKitTests.xctest */ = {isa = PBXFileReference; explicitFileType = wrapper.cfbundle; includeInIndex = 0; path = DrinkKitTests.xctest; sourceTree = BUILT_PRODUCTS_DIR; };
		152AB70C2107DBDD001918EF /* Info.plist */ = {isa = PBXFileReference; lastKnownFileType = text.plist.xml; path = Info.plist; sourceTree = "<group>"; };
		152AB7192107DC92001918EF /* DrinkerInformation.swift */ = {isa = PBXFileReference; lastKnownFileType = sourcecode.swift; path = DrinkerInformation.swift; sourceTree = "<group>"; };
		152AB71B2107E03F001918EF /* Drink.swift */ = {isa = PBXFileReference; lastKnownFileType = sourcecode.swift; path = Drink.swift; sourceTree = "<group>"; };
		152AB71D2107E091001918EF /* DrinkSize.swift */ = {isa = PBXFileReference; lastKnownFileType = sourcecode.swift; path = DrinkSize.swift; sourceTree = "<group>"; };
		1591E81921095B5600F56581 /* TimeControlButton.swift */ = {isa = PBXFileReference; lastKnownFileType = sourcecode.swift; path = TimeControlButton.swift; sourceTree = "<group>"; };
		15A7C4F72109668900F260FB /* ColorManager.swift */ = {isa = PBXFileReference; lastKnownFileType = sourcecode.swift; path = ColorManager.swift; sourceTree = "<group>"; };
		15A7C5492109824B00F260FB /* ThemedNavigationViewController.swift */ = {isa = PBXFileReference; lastKnownFileType = sourcecode.swift; path = ThemedNavigationViewController.swift; sourceTree = "<group>"; };
		15B2A66C210A8BE4002C33AE /* DrinkAttributeCardView.swift */ = {isa = PBXFileReference; lastKnownFileType = sourcecode.swift; path = DrinkAttributeCardView.swift; sourceTree = "<group>"; };
		15B2A66E210A8E54002C33AE /* DrinkGlyphAttributeCardView.swift */ = {isa = PBXFileReference; lastKnownFileType = sourcecode.swift; path = DrinkGlyphAttributeCardView.swift; sourceTree = "<group>"; };
		15B2A670210A8EC0002C33AE /* DrinkHeaderAttributeCardView.swift */ = {isa = PBXFileReference; lastKnownFileType = sourcecode.swift; path = DrinkHeaderAttributeCardView.swift; sourceTree = "<group>"; };
		15B2A672210A9062002C33AE /* DrinkTypeAttributeCardView.swift */ = {isa = PBXFileReference; lastKnownFileType = sourcecode.swift; path = DrinkTypeAttributeCardView.swift; sourceTree = "<group>"; };
		15B2A674210A90C5002C33AE /* DrinkSizeAttributeCardView.swift */ = {isa = PBXFileReference; lastKnownFileType = sourcecode.swift; path = DrinkSizeAttributeCardView.swift; sourceTree = "<group>"; };
		15B2A676210A90F4002C33AE /* DrinkSizeAttributeCardView.xib */ = {isa = PBXFileReference; lastKnownFileType = file.xib; path = DrinkSizeAttributeCardView.xib; sourceTree = "<group>"; };
		15B2A678210A90FF002C33AE /* DrinkTypeAttributeCardView.xib */ = {isa = PBXFileReference; lastKnownFileType = file.xib; path = DrinkTypeAttributeCardView.xib; sourceTree = "<group>"; };
		15B2A67B210AAB78002C33AE /* DrinkAttributeTableViewCell.swift */ = {isa = PBXFileReference; lastKnownFileType = sourcecode.swift; path = DrinkAttributeTableViewCell.swift; sourceTree = "<group>"; };
		15B2A67D210AAD7E002C33AE /* DrinkAttributeOptionCollectionViewCell.swift */ = {isa = PBXFileReference; lastKnownFileType = sourcecode.swift; path = DrinkAttributeOptionCollectionViewCell.swift; sourceTree = "<group>"; };
		15B57641210AB272007F48D1 /* DrinkTableViewController.swift */ = {isa = PBXFileReference; lastKnownFileType = sourcecode.swift; path = DrinkTableViewController.swift; sourceTree = "<group>"; };
		15B57647210ABEB0007F48D1 /* DrinkTypeAttributeOptionCollectionViewDataSource.swift */ = {isa = PBXFileReference; lastKnownFileType = sourcecode.swift; path = DrinkTypeAttributeOptionCollectionViewDataSource.swift; sourceTree = "<group>"; };
		15B5764B210ACCB7007F48D1 /* DrinkSizeAttributeOptionCollectionViewDataSource.swift */ = {isa = PBXFileReference; lastKnownFileType = sourcecode.swift; path = DrinkSizeAttributeOptionCollectionViewDataSource.swift; sourceTree = "<group>"; };
		15D551DF2107EDAB000F0889 /* DrinkType.swift */ = {isa = PBXFileReference; lastKnownFileType = sourcecode.swift; path = DrinkType.swift; sourceTree = "<group>"; };
		15D551E12107EDC5000F0889 /* StandardDrinkSize.swift */ = {isa = PBXFileReference; lastKnownFileType = sourcecode.swift; path = StandardDrinkSize.swift; sourceTree = "<group>"; };
		15D551E32107EDCD000F0889 /* CustomDrinkSize.swift */ = {isa = PBXFileReference; lastKnownFileType = sourcecode.swift; path = CustomDrinkSize.swift; sourceTree = "<group>"; };
		15D551E52107EDE7000F0889 /* DrinkerSex.swift */ = {isa = PBXFileReference; lastKnownFileType = sourcecode.swift; path = DrinkerSex.swift; sourceTree = "<group>"; };
		15D551E72107EDF3000F0889 /* DrinkerAlcoholMetabolism.swift */ = {isa = PBXFileReference; lastKnownFileType = sourcecode.swift; path = DrinkerAlcoholMetabolism.swift; sourceTree = "<group>"; };
		15D551E92107EE47000F0889 /* BloodAlcoholContent.swift */ = {isa = PBXFileReference; lastKnownFileType = sourcecode.swift; path = BloodAlcoholContent.swift; sourceTree = "<group>"; };
		15D551EB2107FFC6000F0889 /* AlcoholCalculator.swift */ = {isa = PBXFileReference; lastKnownFileType = sourcecode.swift; path = AlcoholCalculator.swift; sourceTree = "<group>"; };
		15D551ED21080935000F0889 /* DrinkerInformationTests.swift */ = {isa = PBXFileReference; lastKnownFileType = sourcecode.swift; path = DrinkerInformationTests.swift; sourceTree = "<group>"; };
		15D551EF21080C5A000F0889 /* DrinkTests.swift */ = {isa = PBXFileReference; lastKnownFileType = sourcecode.swift; path = DrinkTests.swift; sourceTree = "<group>"; };
		15D551F121081100000F0889 /* StandardDrinkSizeTests.swift */ = {isa = PBXFileReference; lastKnownFileType = sourcecode.swift; path = StandardDrinkSizeTests.swift; sourceTree = "<group>"; };
		15D551F3210811DB000F0889 /* CustomDrinkSizeTests.swift */ = {isa = PBXFileReference; lastKnownFileType = sourcecode.swift; path = CustomDrinkSizeTests.swift; sourceTree = "<group>"; };
		15D551F5210816B4000F0889 /* AlcoholCalculatorTests.swift */ = {isa = PBXFileReference; lastKnownFileType = sourcecode.swift; path = AlcoholCalculatorTests.swift; sourceTree = "<group>"; };
		15D551F821082574000F0889 /* DrinkManager.swift */ = {isa = PBXFileReference; lastKnownFileType = sourcecode.swift; path = DrinkManager.swift; sourceTree = "<group>"; };
		15D551FA21082A03000F0889 /* DrinkerInformationManager.swift */ = {isa = PBXFileReference; lastKnownFileType = sourcecode.swift; path = DrinkerInformationManager.swift; sourceTree = "<group>"; };
		15D551FC21082B0C000F0889 /* PreferencesManager.swift */ = {isa = PBXFileReference; lastKnownFileType = sourcecode.swift; path = PreferencesManager.swift; sourceTree = "<group>"; };
		15D5520021082BD9000F0889 /* HomeViewController.swift */ = {isa = PBXFileReference; lastKnownFileType = sourcecode.swift; path = HomeViewController.swift; sourceTree = "<group>"; };
/* End PBXFileReference section */

/* Begin PBXFrameworksBuildPhase section */
		152AB6BE2107DA95001918EF /* Frameworks */ = {
			isa = PBXFrameworksBuildPhase;
			buildActionMask = 2147483647;
			files = (
				152AB7102107DBDD001918EF /* DrinkKit.framework in Frameworks */,
			);
			runOnlyForDeploymentPostprocessing = 0;
		};
		152AB6D52107DA96001918EF /* Frameworks */ = {
			isa = PBXFrameworksBuildPhase;
			buildActionMask = 2147483647;
			files = (
			);
			runOnlyForDeploymentPostprocessing = 0;
		};
		152AB6E02107DA96001918EF /* Frameworks */ = {
			isa = PBXFrameworksBuildPhase;
			buildActionMask = 2147483647;
			files = (
			);
			runOnlyForDeploymentPostprocessing = 0;
		};
		152AB6F72107DBDD001918EF /* Frameworks */ = {
			isa = PBXFrameworksBuildPhase;
			buildActionMask = 2147483647;
			files = (
			);
			runOnlyForDeploymentPostprocessing = 0;
		};
		152AB7002107DBDD001918EF /* Frameworks */ = {
			isa = PBXFrameworksBuildPhase;
			buildActionMask = 2147483647;
			files = (
				152AB7042107DBDD001918EF /* DrinkKit.framework in Frameworks */,
			);
			runOnlyForDeploymentPostprocessing = 0;
		};
/* End PBXFrameworksBuildPhase section */

/* Begin PBXGroup section */
		1506B4F8210A8BBB00CBDD14 /* DrinkAttributeCard */ = {
			isa = PBXGroup;
			children = (
				15B2A66C210A8BE4002C33AE /* DrinkAttributeCardView.swift */,
				15B2A66E210A8E54002C33AE /* DrinkGlyphAttributeCardView.swift */,
				15B2A670210A8EC0002C33AE /* DrinkHeaderAttributeCardView.swift */,
				15B2A672210A9062002C33AE /* DrinkTypeAttributeCardView.swift */,
				15B2A678210A90FF002C33AE /* DrinkTypeAttributeCardView.xib */,
				15B2A674210A90C5002C33AE /* DrinkSizeAttributeCardView.swift */,
				15B2A676210A90F4002C33AE /* DrinkSizeAttributeCardView.xib */,
			);
			name = DrinkAttributeCard;
			sourceTree = "<group>";
		};
		152AB6B82107DA95001918EF = {
			isa = PBXGroup;
			children = (
				152AB6F52107DAD8001918EF /* README.md */,
				152AB6C32107DA95001918EF /* BACalculator */,
				152AB6DB2107DA96001918EF /* BACalculatorTests */,
				152AB6E62107DA96001918EF /* BACalculatorUITests */,
				152AB6FC2107DBDD001918EF /* DrinkKit */,
				152AB7092107DBDD001918EF /* DrinkKitTests */,
				152AB6C22107DA95001918EF /* Products */,
			);
			sourceTree = "<group>";
		};
		152AB6C22107DA95001918EF /* Products */ = {
			isa = PBXGroup;
			children = (
				152AB6C12107DA95001918EF /* BACalculator.app */,
				152AB6D82107DA96001918EF /* BACalculatorTests.xctest */,
				152AB6E32107DA96001918EF /* BACalculatorUITests.xctest */,
				152AB6FB2107DBDD001918EF /* DrinkKit.framework */,
				152AB7032107DBDD001918EF /* DrinkKitTests.xctest */,
			);
			name = Products;
			sourceTree = "<group>";
		};
		152AB6C32107DA95001918EF /* BACalculator */ = {
			isa = PBXGroup;
			children = (
				152AB6C42107DA95001918EF /* AppDelegate.swift */,
				152AB6C82107DA95001918EF /* Main.storyboard */,
				152AB6D02107DA96001918EF /* LaunchScreen.storyboard */,
				15D551FE21082BA6000F0889 /* Controllers */,
				15D551FF21082BAD000F0889 /* Views */,
				15D551F721082506000F0889 /* Services */,
				152AB6CB2107DA95001918EF /* BACalculator.xcdatamodeld */,
				152AB6CE2107DA96001918EF /* Assets.xcassets */,
				152AB6D32107DA96001918EF /* Info.plist */,
			);
			path = BACalculator;
			sourceTree = "<group>";
		};
		152AB6DB2107DA96001918EF /* BACalculatorTests */ = {
			isa = PBXGroup;
			children = (
				152AB6DC2107DA96001918EF /* BACalculatorTests.swift */,
				152AB6DE2107DA96001918EF /* Info.plist */,
			);
			path = BACalculatorTests;
			sourceTree = "<group>";
		};
		152AB6E62107DA96001918EF /* BACalculatorUITests */ = {
			isa = PBXGroup;
			children = (
				152AB6E72107DA96001918EF /* BACalculatorUITests.swift */,
				152AB6E92107DA96001918EF /* Info.plist */,
			);
			path = BACalculatorUITests;
			sourceTree = "<group>";
		};
		152AB6FC2107DBDD001918EF /* DrinkKit */ = {
			isa = PBXGroup;
			children = (
				152AB6FD2107DBDD001918EF /* DrinkKit.h */,
				15D551EB2107FFC6000F0889 /* AlcoholCalculator.swift */,
				15D551E92107EE47000F0889 /* BloodAlcoholContent.swift */,
				152AB71B2107E03F001918EF /* Drink.swift */,
				15D551DF2107EDAB000F0889 /* DrinkType.swift */,
				152AB71D2107E091001918EF /* DrinkSize.swift */,
				15D551E12107EDC5000F0889 /* StandardDrinkSize.swift */,
				15D551E32107EDCD000F0889 /* CustomDrinkSize.swift */,
				152AB7192107DC92001918EF /* DrinkerInformation.swift */,
				15D551E52107EDE7000F0889 /* DrinkerSex.swift */,
				15D551E72107EDF3000F0889 /* DrinkerAlcoholMetabolism.swift */,
				152AB6FE2107DBDD001918EF /* Info.plist */,
			);
			path = DrinkKit;
			sourceTree = "<group>";
		};
		152AB7092107DBDD001918EF /* DrinkKitTests */ = {
			isa = PBXGroup;
			children = (
				15D551F5210816B4000F0889 /* AlcoholCalculatorTests.swift */,
				15D551EF21080C5A000F0889 /* DrinkTests.swift */,
				15D551F121081100000F0889 /* StandardDrinkSizeTests.swift */,
				15D551F3210811DB000F0889 /* CustomDrinkSizeTests.swift */,
				15D551ED21080935000F0889 /* DrinkerInformationTests.swift */,
				152AB70C2107DBDD001918EF /* Info.plist */,
			);
			path = DrinkKitTests;
			sourceTree = "<group>";
		};
		15B2A67A210AAB47002C33AE /* DrinkAttributeCell */ = {
			isa = PBXGroup;
			children = (
				15B2A67B210AAB78002C33AE /* DrinkAttributeTableViewCell.swift */,
				15B2A67D210AAD7E002C33AE /* DrinkAttributeOptionCollectionViewCell.swift */,
				15B57647210ABEB0007F48D1 /* DrinkTypeAttributeOptionCollectionViewDataSource.swift */,
				15B5764B210ACCB7007F48D1 /* DrinkSizeAttributeOptionCollectionViewDataSource.swift */,
			);
			name = DrinkAttributeCell;
			sourceTree = "<group>";
		};
		15D551F721082506000F0889 /* Services */ = {
			isa = PBXGroup;
			children = (
				15A7C4F72109668900F260FB /* ColorManager.swift */,
				15D551F821082574000F0889 /* DrinkManager.swift */,
				15D551FA21082A03000F0889 /* DrinkerInformationManager.swift */,
				15D551FC21082B0C000F0889 /* PreferencesManager.swift */,
			);
			path = Services;
			sourceTree = "<group>";
		};
		15D551FE21082BA6000F0889 /* Controllers */ = {
			isa = PBXGroup;
			children = (
				15D5520021082BD9000F0889 /* HomeViewController.swift */,
				15A7C5492109824B00F260FB /* ThemedNavigationViewController.swift */,
				15B57641210AB272007F48D1 /* DrinkTableViewController.swift */,
			);
			path = Controllers;
			sourceTree = "<group>";
		};
		15D551FF21082BAD000F0889 /* Views */ = {
			isa = PBXGroup;
			children = (
				1591E81921095B5600F56581 /* TimeControlButton.swift */,
				1506B4F2210A824D00CBDD14 /* XIBView.swift */,
				15B2A67A210AAB47002C33AE /* DrinkAttributeCell */,
				1506B4F8210A8BBB00CBDD14 /* DrinkAttributeCard */,
			);
			path = Views;
			sourceTree = "<group>";
		};
/* End PBXGroup section */

/* Begin PBXHeadersBuildPhase section */
		152AB6F82107DBDD001918EF /* Headers */ = {
			isa = PBXHeadersBuildPhase;
			buildActionMask = 2147483647;
			files = (
				152AB70D2107DBDD001918EF /* DrinkKit.h in Headers */,
			);
			runOnlyForDeploymentPostprocessing = 0;
		};
/* End PBXHeadersBuildPhase section */

/* Begin PBXNativeTarget section */
		152AB6C02107DA95001918EF /* BACalculator */ = {
			isa = PBXNativeTarget;
			buildConfigurationList = 152AB6EC2107DA96001918EF /* Build configuration list for PBXNativeTarget "BACalculator" */;
			buildPhases = (
				152AB6BD2107DA95001918EF /* Sources */,
				152AB6BE2107DA95001918EF /* Frameworks */,
				152AB6BF2107DA95001918EF /* Resources */,
				152AB7152107DBDD001918EF /* Embed Frameworks */,
			);
			buildRules = (
			);
			dependencies = (
				152AB70F2107DBDD001918EF /* PBXTargetDependency */,
			);
			name = BACalculator;
			productName = BACalculator;
			productReference = 152AB6C12107DA95001918EF /* BACalculator.app */;
			productType = "com.apple.product-type.application";
		};
		152AB6D72107DA96001918EF /* BACalculatorTests */ = {
			isa = PBXNativeTarget;
			buildConfigurationList = 152AB6EF2107DA96001918EF /* Build configuration list for PBXNativeTarget "BACalculatorTests" */;
			buildPhases = (
				152AB6D42107DA96001918EF /* Sources */,
				152AB6D52107DA96001918EF /* Frameworks */,
				152AB6D62107DA96001918EF /* Resources */,
			);
			buildRules = (
			);
			dependencies = (
				152AB6DA2107DA96001918EF /* PBXTargetDependency */,
			);
			name = BACalculatorTests;
			productName = BACalculatorTests;
			productReference = 152AB6D82107DA96001918EF /* BACalculatorTests.xctest */;
			productType = "com.apple.product-type.bundle.unit-test";
		};
		152AB6E22107DA96001918EF /* BACalculatorUITests */ = {
			isa = PBXNativeTarget;
			buildConfigurationList = 152AB6F22107DA96001918EF /* Build configuration list for PBXNativeTarget "BACalculatorUITests" */;
			buildPhases = (
				152AB6DF2107DA96001918EF /* Sources */,
				152AB6E02107DA96001918EF /* Frameworks */,
				152AB6E12107DA96001918EF /* Resources */,
			);
			buildRules = (
			);
			dependencies = (
				152AB6E52107DA96001918EF /* PBXTargetDependency */,
			);
			name = BACalculatorUITests;
			productName = BACalculatorUITests;
			productReference = 152AB6E32107DA96001918EF /* BACalculatorUITests.xctest */;
			productType = "com.apple.product-type.bundle.ui-testing";
		};
		152AB6FA2107DBDD001918EF /* DrinkKit */ = {
			isa = PBXNativeTarget;
			buildConfigurationList = 152AB7122107DBDD001918EF /* Build configuration list for PBXNativeTarget "DrinkKit" */;
			buildPhases = (
				152AB6F62107DBDD001918EF /* Sources */,
				152AB6F72107DBDD001918EF /* Frameworks */,
				152AB6F82107DBDD001918EF /* Headers */,
				152AB6F92107DBDD001918EF /* Resources */,
			);
			buildRules = (
			);
			dependencies = (
			);
			name = DrinkKit;
			productName = DrinkKit;
			productReference = 152AB6FB2107DBDD001918EF /* DrinkKit.framework */;
			productType = "com.apple.product-type.framework";
		};
		152AB7022107DBDD001918EF /* DrinkKitTests */ = {
			isa = PBXNativeTarget;
			buildConfigurationList = 152AB7162107DBDD001918EF /* Build configuration list for PBXNativeTarget "DrinkKitTests" */;
			buildPhases = (
				152AB6FF2107DBDD001918EF /* Sources */,
				152AB7002107DBDD001918EF /* Frameworks */,
				152AB7012107DBDD001918EF /* Resources */,
			);
			buildRules = (
			);
			dependencies = (
				152AB7062107DBDD001918EF /* PBXTargetDependency */,
				152AB7082107DBDD001918EF /* PBXTargetDependency */,
			);
			name = DrinkKitTests;
			productName = DrinkKitTests;
			productReference = 152AB7032107DBDD001918EF /* DrinkKitTests.xctest */;
			productType = "com.apple.product-type.bundle.unit-test";
		};
/* End PBXNativeTarget section */

/* Begin PBXProject section */
		152AB6B92107DA95001918EF /* Project object */ = {
			isa = PBXProject;
			attributes = {
				LastSwiftUpdateCheck = 0940;
				LastUpgradeCheck = 0940;
				ORGANIZATIONNAME = "James Ungaretti";
				TargetAttributes = {
					152AB6C02107DA95001918EF = {
						CreatedOnToolsVersion = 9.4.1;
					};
					152AB6D72107DA96001918EF = {
						CreatedOnToolsVersion = 9.4.1;
						TestTargetID = 152AB6C02107DA95001918EF;
					};
					152AB6E22107DA96001918EF = {
						CreatedOnToolsVersion = 9.4.1;
						TestTargetID = 152AB6C02107DA95001918EF;
					};
					152AB6FA2107DBDD001918EF = {
						CreatedOnToolsVersion = 9.4.1;
						LastSwiftMigration = 0940;
					};
					152AB7022107DBDD001918EF = {
						CreatedOnToolsVersion = 9.4.1;
						LastSwiftMigration = 0940;
						TestTargetID = 152AB6C02107DA95001918EF;
					};
				};
			};
			buildConfigurationList = 152AB6BC2107DA95001918EF /* Build configuration list for PBXProject "BACalculator" */;
			compatibilityVersion = "Xcode 9.3";
			developmentRegion = en;
			hasScannedForEncodings = 0;
			knownRegions = (
				en,
				Base,
			);
			mainGroup = 152AB6B82107DA95001918EF;
			productRefGroup = 152AB6C22107DA95001918EF /* Products */;
			projectDirPath = "";
			projectRoot = "";
			targets = (
				152AB6C02107DA95001918EF /* BACalculator */,
				152AB6D72107DA96001918EF /* BACalculatorTests */,
				152AB6E22107DA96001918EF /* BACalculatorUITests */,
				152AB6FA2107DBDD001918EF /* DrinkKit */,
				152AB7022107DBDD001918EF /* DrinkKitTests */,
			);
		};
/* End PBXProject section */

/* Begin PBXResourcesBuildPhase section */
		152AB6BF2107DA95001918EF /* Resources */ = {
			isa = PBXResourcesBuildPhase;
			buildActionMask = 2147483647;
			files = (
				152AB6D22107DA96001918EF /* LaunchScreen.storyboard in Resources */,
				15B2A679210A90FF002C33AE /* DrinkTypeAttributeCardView.xib in Resources */,
				152AB6CF2107DA96001918EF /* Assets.xcassets in Resources */,
				15B2A677210A90F4002C33AE /* DrinkSizeAttributeCardView.xib in Resources */,
				152AB6CA2107DA95001918EF /* Main.storyboard in Resources */,
			);
			runOnlyForDeploymentPostprocessing = 0;
		};
		152AB6D62107DA96001918EF /* Resources */ = {
			isa = PBXResourcesBuildPhase;
			buildActionMask = 2147483647;
			files = (
			);
			runOnlyForDeploymentPostprocessing = 0;
		};
		152AB6E12107DA96001918EF /* Resources */ = {
			isa = PBXResourcesBuildPhase;
			buildActionMask = 2147483647;
			files = (
			);
			runOnlyForDeploymentPostprocessing = 0;
		};
		152AB6F92107DBDD001918EF /* Resources */ = {
			isa = PBXResourcesBuildPhase;
			buildActionMask = 2147483647;
			files = (
			);
			runOnlyForDeploymentPostprocessing = 0;
		};
		152AB7012107DBDD001918EF /* Resources */ = {
			isa = PBXResourcesBuildPhase;
			buildActionMask = 2147483647;
			files = (
			);
			runOnlyForDeploymentPostprocessing = 0;
		};
/* End PBXResourcesBuildPhase section */

/* Begin PBXSourcesBuildPhase section */
		152AB6BD2107DA95001918EF /* Sources */ = {
			isa = PBXSourcesBuildPhase;
			buildActionMask = 2147483647;
			files = (
				15B2A66D210A8BE4002C33AE /* DrinkAttributeCardView.swift in Sources */,
				15B2A67E210AAD7E002C33AE /* DrinkAttributeOptionCollectionViewCell.swift in Sources */,
				15B2A67C210AAB78002C33AE /* DrinkAttributeTableViewCell.swift in Sources */,
				15B57648210ABEB0007F48D1 /* DrinkTypeAttributeOptionCollectionViewDataSource.swift in Sources */,
				1506B4F3210A824D00CBDD14 /* XIBView.swift in Sources */,
				15D551FD21082B0C000F0889 /* PreferencesManager.swift in Sources */,
				15B2A671210A8EC0002C33AE /* DrinkHeaderAttributeCardView.swift in Sources */,
				152AB6C52107DA95001918EF /* AppDelegate.swift in Sources */,
				15B2A66F210A8E54002C33AE /* DrinkGlyphAttributeCardView.swift in Sources */,
				152AB6CD2107DA95001918EF /* BACalculator.xcdatamodeld in Sources */,
				15D551FB21082A03000F0889 /* DrinkerInformationManager.swift in Sources */,
				15B2A675210A90C5002C33AE /* DrinkSizeAttributeCardView.swift in Sources */,
				15D551F921082574000F0889 /* DrinkManager.swift in Sources */,
				15D5520121082BD9000F0889 /* HomeViewController.swift in Sources */,
				1591E81A21095B5600F56581 /* TimeControlButton.swift in Sources */,
				15A7C54A2109824B00F260FB /* ThemedNavigationViewController.swift in Sources */,
				15A7C4F82109668900F260FB /* ColorManager.swift in Sources */,
				15B57642210AB272007F48D1 /* DrinkTableViewController.swift in Sources */,
				15B5764C210ACCB7007F48D1 /* DrinkSizeAttributeOptionCollectionViewDataSource.swift in Sources */,
				15B2A673210A9062002C33AE /* DrinkTypeAttributeCardView.swift in Sources */,
			);
			runOnlyForDeploymentPostprocessing = 0;
		};
		152AB6D42107DA96001918EF /* Sources */ = {
			isa = PBXSourcesBuildPhase;
			buildActionMask = 2147483647;
			files = (
				152AB6DD2107DA96001918EF /* BACalculatorTests.swift in Sources */,
			);
			runOnlyForDeploymentPostprocessing = 0;
		};
		152AB6DF2107DA96001918EF /* Sources */ = {
			isa = PBXSourcesBuildPhase;
			buildActionMask = 2147483647;
			files = (
				152AB6E82107DA96001918EF /* BACalculatorUITests.swift in Sources */,
			);
			runOnlyForDeploymentPostprocessing = 0;
		};
		152AB6F62107DBDD001918EF /* Sources */ = {
			isa = PBXSourcesBuildPhase;
			buildActionMask = 2147483647;
			files = (
				15D551E42107EDCD000F0889 /* CustomDrinkSize.swift in Sources */,
				15D551EA2107EE47000F0889 /* BloodAlcoholContent.swift in Sources */,
				15D551E02107EDAB000F0889 /* DrinkType.swift in Sources */,
				15D551E62107EDE7000F0889 /* DrinkerSex.swift in Sources */,
				152AB71E2107E091001918EF /* DrinkSize.swift in Sources */,
				15D551E22107EDC5000F0889 /* StandardDrinkSize.swift in Sources */,
				15D551EC2107FFC6000F0889 /* AlcoholCalculator.swift in Sources */,
				15D551E82107EDF3000F0889 /* DrinkerAlcoholMetabolism.swift in Sources */,
				152AB71C2107E03F001918EF /* Drink.swift in Sources */,
				152AB71A2107DC92001918EF /* DrinkerInformation.swift in Sources */,
			);
			runOnlyForDeploymentPostprocessing = 0;
		};
		152AB6FF2107DBDD001918EF /* Sources */ = {
			isa = PBXSourcesBuildPhase;
			buildActionMask = 2147483647;
			files = (
				15D551F021080C5A000F0889 /* DrinkTests.swift in Sources */,
				15D551F221081100000F0889 /* StandardDrinkSizeTests.swift in Sources */,
				15D551F4210811DB000F0889 /* CustomDrinkSizeTests.swift in Sources */,
				15D551EE21080935000F0889 /* DrinkerInformationTests.swift in Sources */,
				15D551F6210816B4000F0889 /* AlcoholCalculatorTests.swift in Sources */,
			);
			runOnlyForDeploymentPostprocessing = 0;
		};
/* End PBXSourcesBuildPhase section */

/* Begin PBXTargetDependency section */
		152AB6DA2107DA96001918EF /* PBXTargetDependency */ = {
			isa = PBXTargetDependency;
			target = 152AB6C02107DA95001918EF /* BACalculator */;
			targetProxy = 152AB6D92107DA96001918EF /* PBXContainerItemProxy */;
		};
		152AB6E52107DA96001918EF /* PBXTargetDependency */ = {
			isa = PBXTargetDependency;
			target = 152AB6C02107DA95001918EF /* BACalculator */;
			targetProxy = 152AB6E42107DA96001918EF /* PBXContainerItemProxy */;
		};
		152AB7062107DBDD001918EF /* PBXTargetDependency */ = {
			isa = PBXTargetDependency;
			target = 152AB6FA2107DBDD001918EF /* DrinkKit */;
			targetProxy = 152AB7052107DBDD001918EF /* PBXContainerItemProxy */;
		};
		152AB7082107DBDD001918EF /* PBXTargetDependency */ = {
			isa = PBXTargetDependency;
			target = 152AB6C02107DA95001918EF /* BACalculator */;
			targetProxy = 152AB7072107DBDD001918EF /* PBXContainerItemProxy */;
		};
		152AB70F2107DBDD001918EF /* PBXTargetDependency */ = {
			isa = PBXTargetDependency;
			target = 152AB6FA2107DBDD001918EF /* DrinkKit */;
			targetProxy = 152AB70E2107DBDD001918EF /* PBXContainerItemProxy */;
		};
/* End PBXTargetDependency section */

/* Begin PBXVariantGroup section */
		152AB6C82107DA95001918EF /* Main.storyboard */ = {
			isa = PBXVariantGroup;
			children = (
				152AB6C92107DA95001918EF /* Base */,
			);
			name = Main.storyboard;
			sourceTree = "<group>";
		};
		152AB6D02107DA96001918EF /* LaunchScreen.storyboard */ = {
			isa = PBXVariantGroup;
			children = (
				152AB6D12107DA96001918EF /* Base */,
			);
			name = LaunchScreen.storyboard;
			sourceTree = "<group>";
		};
/* End PBXVariantGroup section */

/* Begin XCBuildConfiguration section */
		152AB6EA2107DA96001918EF /* Debug */ = {
			isa = XCBuildConfiguration;
			buildSettings = {
				ALWAYS_SEARCH_USER_PATHS = NO;
				CLANG_ANALYZER_NONNULL = YES;
				CLANG_ANALYZER_NUMBER_OBJECT_CONVERSION = YES_AGGRESSIVE;
				CLANG_CXX_LANGUAGE_STANDARD = "gnu++14";
				CLANG_CXX_LIBRARY = "libc++";
				CLANG_ENABLE_MODULES = YES;
				CLANG_ENABLE_OBJC_ARC = YES;
				CLANG_ENABLE_OBJC_WEAK = YES;
				CLANG_WARN_BLOCK_CAPTURE_AUTORELEASING = YES;
				CLANG_WARN_BOOL_CONVERSION = YES;
				CLANG_WARN_COMMA = YES;
				CLANG_WARN_CONSTANT_CONVERSION = YES;
				CLANG_WARN_DEPRECATED_OBJC_IMPLEMENTATIONS = YES;
				CLANG_WARN_DIRECT_OBJC_ISA_USAGE = YES_ERROR;
				CLANG_WARN_DOCUMENTATION_COMMENTS = YES;
				CLANG_WARN_EMPTY_BODY = YES;
				CLANG_WARN_ENUM_CONVERSION = YES;
				CLANG_WARN_INFINITE_RECURSION = YES;
				CLANG_WARN_INT_CONVERSION = YES;
				CLANG_WARN_NON_LITERAL_NULL_CONVERSION = YES;
				CLANG_WARN_OBJC_IMPLICIT_RETAIN_SELF = YES;
				CLANG_WARN_OBJC_LITERAL_CONVERSION = YES;
				CLANG_WARN_OBJC_ROOT_CLASS = YES_ERROR;
				CLANG_WARN_RANGE_LOOP_ANALYSIS = YES;
				CLANG_WARN_STRICT_PROTOTYPES = YES;
				CLANG_WARN_SUSPICIOUS_MOVE = YES;
				CLANG_WARN_UNGUARDED_AVAILABILITY = YES_AGGRESSIVE;
				CLANG_WARN_UNREACHABLE_CODE = YES;
				CLANG_WARN__DUPLICATE_METHOD_MATCH = YES;
				CODE_SIGN_IDENTITY = "iPhone Developer";
				COPY_PHASE_STRIP = NO;
				DEBUG_INFORMATION_FORMAT = dwarf;
				ENABLE_STRICT_OBJC_MSGSEND = YES;
				ENABLE_TESTABILITY = YES;
				GCC_C_LANGUAGE_STANDARD = gnu11;
				GCC_DYNAMIC_NO_PIC = NO;
				GCC_NO_COMMON_BLOCKS = YES;
				GCC_OPTIMIZATION_LEVEL = 0;
				GCC_PREPROCESSOR_DEFINITIONS = (
					"DEBUG=1",
					"$(inherited)",
				);
				GCC_WARN_64_TO_32_BIT_CONVERSION = YES;
				GCC_WARN_ABOUT_RETURN_TYPE = YES_ERROR;
				GCC_WARN_UNDECLARED_SELECTOR = YES;
				GCC_WARN_UNINITIALIZED_AUTOS = YES_AGGRESSIVE;
				GCC_WARN_UNUSED_FUNCTION = YES;
				GCC_WARN_UNUSED_VARIABLE = YES;
				IPHONEOS_DEPLOYMENT_TARGET = 11.4;
				MTL_ENABLE_DEBUG_INFO = YES;
				ONLY_ACTIVE_ARCH = YES;
				SDKROOT = iphoneos;
				SWIFT_ACTIVE_COMPILATION_CONDITIONS = DEBUG;
				SWIFT_OPTIMIZATION_LEVEL = "-Onone";
			};
			name = Debug;
		};
		152AB6EB2107DA96001918EF /* Release */ = {
			isa = XCBuildConfiguration;
			buildSettings = {
				ALWAYS_SEARCH_USER_PATHS = NO;
				CLANG_ANALYZER_NONNULL = YES;
				CLANG_ANALYZER_NUMBER_OBJECT_CONVERSION = YES_AGGRESSIVE;
				CLANG_CXX_LANGUAGE_STANDARD = "gnu++14";
				CLANG_CXX_LIBRARY = "libc++";
				CLANG_ENABLE_MODULES = YES;
				CLANG_ENABLE_OBJC_ARC = YES;
				CLANG_ENABLE_OBJC_WEAK = YES;
				CLANG_WARN_BLOCK_CAPTURE_AUTORELEASING = YES;
				CLANG_WARN_BOOL_CONVERSION = YES;
				CLANG_WARN_COMMA = YES;
				CLANG_WARN_CONSTANT_CONVERSION = YES;
				CLANG_WARN_DEPRECATED_OBJC_IMPLEMENTATIONS = YES;
				CLANG_WARN_DIRECT_OBJC_ISA_USAGE = YES_ERROR;
				CLANG_WARN_DOCUMENTATION_COMMENTS = YES;
				CLANG_WARN_EMPTY_BODY = YES;
				CLANG_WARN_ENUM_CONVERSION = YES;
				CLANG_WARN_INFINITE_RECURSION = YES;
				CLANG_WARN_INT_CONVERSION = YES;
				CLANG_WARN_NON_LITERAL_NULL_CONVERSION = YES;
				CLANG_WARN_OBJC_IMPLICIT_RETAIN_SELF = YES;
				CLANG_WARN_OBJC_LITERAL_CONVERSION = YES;
				CLANG_WARN_OBJC_ROOT_CLASS = YES_ERROR;
				CLANG_WARN_RANGE_LOOP_ANALYSIS = YES;
				CLANG_WARN_STRICT_PROTOTYPES = YES;
				CLANG_WARN_SUSPICIOUS_MOVE = YES;
				CLANG_WARN_UNGUARDED_AVAILABILITY = YES_AGGRESSIVE;
				CLANG_WARN_UNREACHABLE_CODE = YES;
				CLANG_WARN__DUPLICATE_METHOD_MATCH = YES;
				CODE_SIGN_IDENTITY = "iPhone Developer";
				COPY_PHASE_STRIP = NO;
				DEBUG_INFORMATION_FORMAT = "dwarf-with-dsym";
				ENABLE_NS_ASSERTIONS = NO;
				ENABLE_STRICT_OBJC_MSGSEND = YES;
				GCC_C_LANGUAGE_STANDARD = gnu11;
				GCC_NO_COMMON_BLOCKS = YES;
				GCC_WARN_64_TO_32_BIT_CONVERSION = YES;
				GCC_WARN_ABOUT_RETURN_TYPE = YES_ERROR;
				GCC_WARN_UNDECLARED_SELECTOR = YES;
				GCC_WARN_UNINITIALIZED_AUTOS = YES_AGGRESSIVE;
				GCC_WARN_UNUSED_FUNCTION = YES;
				GCC_WARN_UNUSED_VARIABLE = YES;
				IPHONEOS_DEPLOYMENT_TARGET = 11.4;
				MTL_ENABLE_DEBUG_INFO = NO;
				SDKROOT = iphoneos;
				SWIFT_COMPILATION_MODE = wholemodule;
				SWIFT_OPTIMIZATION_LEVEL = "-O";
				VALIDATE_PRODUCT = YES;
			};
			name = Release;
		};
		152AB6ED2107DA96001918EF /* Debug */ = {
			isa = XCBuildConfiguration;
			buildSettings = {
				ALWAYS_EMBED_SWIFT_STANDARD_LIBRARIES = YES;
				ASSETCATALOG_COMPILER_APPICON_NAME = AppIcon;
				CODE_SIGN_STYLE = Automatic;
				DEVELOPMENT_TEAM = XDGS844A6P;
				INFOPLIST_FILE = BACalculator/Info.plist;
				LD_RUNPATH_SEARCH_PATHS = (
					"$(inherited)",
					"@executable_path/Frameworks",
				);
				PRODUCT_BUNDLE_IDENTIFIER = com.jungaretti.BACalculator;
				PRODUCT_NAME = "$(TARGET_NAME)";
				SWIFT_VERSION = 4.0;
				TARGETED_DEVICE_FAMILY = "1,2";
			};
			name = Debug;
		};
		152AB6EE2107DA96001918EF /* Release */ = {
			isa = XCBuildConfiguration;
			buildSettings = {
				ALWAYS_EMBED_SWIFT_STANDARD_LIBRARIES = YES;
				ASSETCATALOG_COMPILER_APPICON_NAME = AppIcon;
				CODE_SIGN_STYLE = Automatic;
				DEVELOPMENT_TEAM = XDGS844A6P;
				INFOPLIST_FILE = BACalculator/Info.plist;
				LD_RUNPATH_SEARCH_PATHS = (
					"$(inherited)",
					"@executable_path/Frameworks",
				);
				PRODUCT_BUNDLE_IDENTIFIER = com.jungaretti.BACalculator;
				PRODUCT_NAME = "$(TARGET_NAME)";
				SWIFT_VERSION = 4.0;
				TARGETED_DEVICE_FAMILY = "1,2";
			};
			name = Release;
		};
		152AB6F02107DA96001918EF /* Debug */ = {
			isa = XCBuildConfiguration;
			buildSettings = {
				ALWAYS_EMBED_SWIFT_STANDARD_LIBRARIES = YES;
				BUNDLE_LOADER = "$(TEST_HOST)";
				CODE_SIGN_STYLE = Automatic;
				DEVELOPMENT_TEAM = XDGS844A6P;
				INFOPLIST_FILE = BACalculatorTests/Info.plist;
				LD_RUNPATH_SEARCH_PATHS = (
					"$(inherited)",
					"@executable_path/Frameworks",
					"@loader_path/Frameworks",
				);
				PRODUCT_BUNDLE_IDENTIFIER = com.jungaretti.BACalculatorTests;
				PRODUCT_NAME = "$(TARGET_NAME)";
				SWIFT_VERSION = 4.0;
				TARGETED_DEVICE_FAMILY = "1,2";
				TEST_HOST = "$(BUILT_PRODUCTS_DIR)/BACalculator.app/BACalculator";
			};
			name = Debug;
		};
		152AB6F12107DA96001918EF /* Release */ = {
			isa = XCBuildConfiguration;
			buildSettings = {
				ALWAYS_EMBED_SWIFT_STANDARD_LIBRARIES = YES;
				BUNDLE_LOADER = "$(TEST_HOST)";
				CODE_SIGN_STYLE = Automatic;
				DEVELOPMENT_TEAM = XDGS844A6P;
				INFOPLIST_FILE = BACalculatorTests/Info.plist;
				LD_RUNPATH_SEARCH_PATHS = (
					"$(inherited)",
					"@executable_path/Frameworks",
					"@loader_path/Frameworks",
				);
				PRODUCT_BUNDLE_IDENTIFIER = com.jungaretti.BACalculatorTests;
				PRODUCT_NAME = "$(TARGET_NAME)";
				SWIFT_VERSION = 4.0;
				TARGETED_DEVICE_FAMILY = "1,2";
				TEST_HOST = "$(BUILT_PRODUCTS_DIR)/BACalculator.app/BACalculator";
			};
			name = Release;
		};
		152AB6F32107DA96001918EF /* Debug */ = {
			isa = XCBuildConfiguration;
			buildSettings = {
				ALWAYS_EMBED_SWIFT_STANDARD_LIBRARIES = YES;
				CODE_SIGN_STYLE = Automatic;
				DEVELOPMENT_TEAM = XDGS844A6P;
				INFOPLIST_FILE = BACalculatorUITests/Info.plist;
				LD_RUNPATH_SEARCH_PATHS = (
					"$(inherited)",
					"@executable_path/Frameworks",
					"@loader_path/Frameworks",
				);
				PRODUCT_BUNDLE_IDENTIFIER = com.jungaretti.BACalculatorUITests;
				PRODUCT_NAME = "$(TARGET_NAME)";
				SWIFT_VERSION = 4.0;
				TARGETED_DEVICE_FAMILY = "1,2";
				TEST_TARGET_NAME = BACalculator;
			};
			name = Debug;
		};
		152AB6F42107DA96001918EF /* Release */ = {
			isa = XCBuildConfiguration;
			buildSettings = {
				ALWAYS_EMBED_SWIFT_STANDARD_LIBRARIES = YES;
				CODE_SIGN_STYLE = Automatic;
				DEVELOPMENT_TEAM = XDGS844A6P;
				INFOPLIST_FILE = BACalculatorUITests/Info.plist;
				LD_RUNPATH_SEARCH_PATHS = (
					"$(inherited)",
					"@executable_path/Frameworks",
					"@loader_path/Frameworks",
				);
				PRODUCT_BUNDLE_IDENTIFIER = com.jungaretti.BACalculatorUITests;
				PRODUCT_NAME = "$(TARGET_NAME)";
				SWIFT_VERSION = 4.0;
				TARGETED_DEVICE_FAMILY = "1,2";
				TEST_TARGET_NAME = BACalculator;
			};
			name = Release;
		};
		152AB7132107DBDD001918EF /* Debug */ = {
			isa = XCBuildConfiguration;
			buildSettings = {
				CLANG_ENABLE_MODULES = YES;
				CODE_SIGN_IDENTITY = "";
				CODE_SIGN_STYLE = Automatic;
				CURRENT_PROJECT_VERSION = 1;
				DEFINES_MODULE = YES;
				DEVELOPMENT_TEAM = XDGS844A6P;
				DYLIB_COMPATIBILITY_VERSION = 1;
				DYLIB_CURRENT_VERSION = 1;
				DYLIB_INSTALL_NAME_BASE = "@rpath";
				INFOPLIST_FILE = DrinkKit/Info.plist;
				INSTALL_PATH = "$(LOCAL_LIBRARY_DIR)/Frameworks";
				IPHONEOS_DEPLOYMENT_TARGET = 10.0;
				LD_RUNPATH_SEARCH_PATHS = (
					"$(inherited)",
					"@executable_path/Frameworks",
					"@loader_path/Frameworks",
				);
				PRODUCT_BUNDLE_IDENTIFIER = com.jungaretti.DrinkKit;
				PRODUCT_NAME = "$(TARGET_NAME:c99extidentifier)";
				SKIP_INSTALL = YES;
				SWIFT_OPTIMIZATION_LEVEL = "-Onone";
				SWIFT_VERSION = 4.0;
				TARGETED_DEVICE_FAMILY = "1,2";
				VERSIONING_SYSTEM = "apple-generic";
				VERSION_INFO_PREFIX = "";
			};
			name = Debug;
		};
		152AB7142107DBDD001918EF /* Release */ = {
			isa = XCBuildConfiguration;
			buildSettings = {
				CLANG_ENABLE_MODULES = YES;
				CODE_SIGN_IDENTITY = "";
				CODE_SIGN_STYLE = Automatic;
				CURRENT_PROJECT_VERSION = 1;
				DEFINES_MODULE = YES;
				DEVELOPMENT_TEAM = XDGS844A6P;
				DYLIB_COMPATIBILITY_VERSION = 1;
				DYLIB_CURRENT_VERSION = 1;
				DYLIB_INSTALL_NAME_BASE = "@rpath";
				INFOPLIST_FILE = DrinkKit/Info.plist;
				INSTALL_PATH = "$(LOCAL_LIBRARY_DIR)/Frameworks";
				IPHONEOS_DEPLOYMENT_TARGET = 10.0;
				LD_RUNPATH_SEARCH_PATHS = (
					"$(inherited)",
					"@executable_path/Frameworks",
					"@loader_path/Frameworks",
				);
				PRODUCT_BUNDLE_IDENTIFIER = com.jungaretti.DrinkKit;
				PRODUCT_NAME = "$(TARGET_NAME:c99extidentifier)";
				SKIP_INSTALL = YES;
				SWIFT_VERSION = 4.0;
				TARGETED_DEVICE_FAMILY = "1,2";
				VERSIONING_SYSTEM = "apple-generic";
				VERSION_INFO_PREFIX = "";
			};
			name = Release;
		};
		152AB7172107DBDD001918EF /* Debug */ = {
			isa = XCBuildConfiguration;
			buildSettings = {
				ALWAYS_EMBED_SWIFT_STANDARD_LIBRARIES = YES;
				CLANG_ENABLE_MODULES = YES;
				CODE_SIGN_STYLE = Automatic;
				DEVELOPMENT_TEAM = XDGS844A6P;
				INFOPLIST_FILE = DrinkKitTests/Info.plist;
				LD_RUNPATH_SEARCH_PATHS = (
					"$(inherited)",
					"@executable_path/Frameworks",
					"@loader_path/Frameworks",
				);
				PRODUCT_BUNDLE_IDENTIFIER = com.jungaretti.DrinkKitTests;
				PRODUCT_NAME = "$(TARGET_NAME)";
				SWIFT_OPTIMIZATION_LEVEL = "-Onone";
				SWIFT_VERSION = 4.0;
				TARGETED_DEVICE_FAMILY = "1,2";
				TEST_HOST = "$(BUILT_PRODUCTS_DIR)/BACalculator.app/BACalculator";
			};
			name = Debug;
		};
		152AB7182107DBDD001918EF /* Release */ = {
			isa = XCBuildConfiguration;
			buildSettings = {
				ALWAYS_EMBED_SWIFT_STANDARD_LIBRARIES = YES;
				CLANG_ENABLE_MODULES = YES;
				CODE_SIGN_STYLE = Automatic;
				DEVELOPMENT_TEAM = XDGS844A6P;
				INFOPLIST_FILE = DrinkKitTests/Info.plist;
				LD_RUNPATH_SEARCH_PATHS = (
					"$(inherited)",
					"@executable_path/Frameworks",
					"@loader_path/Frameworks",
				);
				PRODUCT_BUNDLE_IDENTIFIER = com.jungaretti.DrinkKitTests;
				PRODUCT_NAME = "$(TARGET_NAME)";
				SWIFT_VERSION = 4.0;
				TARGETED_DEVICE_FAMILY = "1,2";
				TEST_HOST = "$(BUILT_PRODUCTS_DIR)/BACalculator.app/BACalculator";
			};
			name = Release;
		};
/* End XCBuildConfiguration section */

/* Begin XCConfigurationList section */
		152AB6BC2107DA95001918EF /* Build configuration list for PBXProject "BACalculator" */ = {
			isa = XCConfigurationList;
			buildConfigurations = (
				152AB6EA2107DA96001918EF /* Debug */,
				152AB6EB2107DA96001918EF /* Release */,
			);
			defaultConfigurationIsVisible = 0;
			defaultConfigurationName = Release;
		};
		152AB6EC2107DA96001918EF /* Build configuration list for PBXNativeTarget "BACalculator" */ = {
			isa = XCConfigurationList;
			buildConfigurations = (
				152AB6ED2107DA96001918EF /* Debug */,
				152AB6EE2107DA96001918EF /* Release */,
			);
			defaultConfigurationIsVisible = 0;
			defaultConfigurationName = Release;
		};
		152AB6EF2107DA96001918EF /* Build configuration list for PBXNativeTarget "BACalculatorTests" */ = {
			isa = XCConfigurationList;
			buildConfigurations = (
				152AB6F02107DA96001918EF /* Debug */,
				152AB6F12107DA96001918EF /* Release */,
			);
			defaultConfigurationIsVisible = 0;
			defaultConfigurationName = Release;
		};
		152AB6F22107DA96001918EF /* Build configuration list for PBXNativeTarget "BACalculatorUITests" */ = {
			isa = XCConfigurationList;
			buildConfigurations = (
				152AB6F32107DA96001918EF /* Debug */,
				152AB6F42107DA96001918EF /* Release */,
			);
			defaultConfigurationIsVisible = 0;
			defaultConfigurationName = Release;
		};
		152AB7122107DBDD001918EF /* Build configuration list for PBXNativeTarget "DrinkKit" */ = {
			isa = XCConfigurationList;
			buildConfigurations = (
				152AB7132107DBDD001918EF /* Debug */,
				152AB7142107DBDD001918EF /* Release */,
			);
			defaultConfigurationIsVisible = 0;
			defaultConfigurationName = Release;
		};
		152AB7162107DBDD001918EF /* Build configuration list for PBXNativeTarget "DrinkKitTests" */ = {
			isa = XCConfigurationList;
			buildConfigurations = (
				152AB7172107DBDD001918EF /* Debug */,
				152AB7182107DBDD001918EF /* Release */,
			);
			defaultConfigurationIsVisible = 0;
			defaultConfigurationName = Release;
		};
/* End XCConfigurationList section */

/* Begin XCVersionGroup section */
		152AB6CB2107DA95001918EF /* BACalculator.xcdatamodeld */ = {
			isa = XCVersionGroup;
			children = (
				152AB6CC2107DA95001918EF /* BACalculator.xcdatamodel */,
			);
			currentVersion = 152AB6CC2107DA95001918EF /* BACalculator.xcdatamodel */;
			path = BACalculator.xcdatamodeld;
			sourceTree = "<group>";
			versionGroupType = wrapper.xcdatamodel;
		};
/* End XCVersionGroup section */
	};
	rootObject = 152AB6B92107DA95001918EF /* Project object */;
}
